// !$*UTF8*$!
{
	archiveVersion = 1;
	classes = {
	};
	objectVersion = 46;
	objects = {

/* Begin PBXBuildFile section */
		C45719491B032F6200883887 /* main.m in Sources */ = {isa = PBXBuildFile; fileRef = C45719481B032F6200883887 /* main.m */; };
		C457194C1B032F6200883887 /* AppDelegate.m in Sources */ = {isa = PBXBuildFile; fileRef = C457194B1B032F6200883887 /* AppDelegate.m */; };
		C457194F1B032F6200883887 /* ViewController.m in Sources */ = {isa = PBXBuildFile; fileRef = C457194E1B032F6200883887 /* ViewController.m */; };
		C45719541B032F6200883887 /* Images.xcassets in Resources */ = {isa = PBXBuildFile; fileRef = C45719531B032F6200883887 /* Images.xcassets */; };
		C45719571B032F6200883887 /* LaunchScreen.xib in Resources */ = {isa = PBXBuildFile; fileRef = C45719551B032F6200883887 /* LaunchScreen.xib */; };
		C45719631B032F6200883887 /* iOffelineTests.m in Sources */ = {isa = PBXBuildFile; fileRef = C45719621B032F6200883887 /* iOffelineTests.m */; };
		C45719711B03303E00883887 /* ViewController.xib in Resources */ = {isa = PBXBuildFile; fileRef = C45719701B03303E00883887 /* ViewController.xib */; };
		C45719731B03308500883887 /* libsqlite3.dylib in Frameworks */ = {isa = PBXBuildFile; fileRef = C45719721B03308500883887 /* libsqlite3.dylib */; };
		C45719771B0332FA00883887 /* DatabaseUtils.m in Sources */ = {isa = PBXBuildFile; fileRef = C45719761B0332FA00883887 /* DatabaseUtils.m */; };
		C45719811B03355800883887 /* FileUtils.m in Sources */ = {isa = PBXBuildFile; fileRef = C457197B1B03355800883887 /* FileUtils.m */; };
		C45719821B03355800883887 /* HttpUtils.m in Sources */ = {isa = PBXBuildFile; fileRef = C457197D1B03355800883887 /* HttpUtils.m */; };
		C45719831B03355800883887 /* ViewUtils.m in Sources */ = {isa = PBXBuildFile; fileRef = C45719801B03355800883887 /* ViewUtils.m */; };
		C45719861B03471E00883887 /* Reachability.m in Sources */ = {isa = PBXBuildFile; fileRef = C45719851B03471E00883887 /* Reachability.m */; };
		C4813FFB1B047C7B00282C1C /* PopupView.m in Sources */ = {isa = PBXBuildFile; fileRef = C4813FFA1B047C7B00282C1C /* PopupView.m */; };
/* End PBXBuildFile section */

/* Begin PBXContainerItemProxy section */
		C457195D1B032F6200883887 /* PBXContainerItemProxy */ = {
			isa = PBXContainerItemProxy;
			containerPortal = C457193B1B032F6200883887 /* Project object */;
			proxyType = 1;
			remoteGlobalIDString = C45719421B032F6200883887;
			remoteInfo = iOffeline;
		};
/* End PBXContainerItemProxy section */

/* Begin PBXFileReference section */
		C45719431B032F6200883887 /* iOffeline.app */ = {isa = PBXFileReference; explicitFileType = wrapper.application; includeInIndex = 0; path = iOffeline.app; sourceTree = BUILT_PRODUCTS_DIR; };
		C45719471B032F6200883887 /* Info.plist */ = {isa = PBXFileReference; lastKnownFileType = text.plist.xml; path = Info.plist; sourceTree = "<group>"; };
		C45719481B032F6200883887 /* main.m */ = {isa = PBXFileReference; lastKnownFileType = sourcecode.c.objc; path = main.m; sourceTree = "<group>"; };
		C457194A1B032F6200883887 /* AppDelegate.h */ = {isa = PBXFileReference; lastKnownFileType = sourcecode.c.h; path = AppDelegate.h; sourceTree = "<group>"; };
		C457194B1B032F6200883887 /* AppDelegate.m */ = {isa = PBXFileReference; lastKnownFileType = sourcecode.c.objc; path = AppDelegate.m; sourceTree = "<group>"; };
		C457194D1B032F6200883887 /* ViewController.h */ = {isa = PBXFileReference; lastKnownFileType = sourcecode.c.h; path = ViewController.h; sourceTree = "<group>"; };
		C457194E1B032F6200883887 /* ViewController.m */ = {isa = PBXFileReference; lastKnownFileType = sourcecode.c.objc; path = ViewController.m; sourceTree = "<group>"; };
		C45719531B032F6200883887 /* Images.xcassets */ = {isa = PBXFileReference; lastKnownFileType = folder.assetcatalog; path = Images.xcassets; sourceTree = "<group>"; };
		C45719561B032F6200883887 /* Base */ = {isa = PBXFileReference; lastKnownFileType = file.xib; name = Base; path = Base.lproj/LaunchScreen.xib; sourceTree = "<group>"; };
		C457195C1B032F6200883887 /* iOffelineTests.xctest */ = {isa = PBXFileReference; explicitFileType = wrapper.cfbundle; includeInIndex = 0; path = iOffelineTests.xctest; sourceTree = BUILT_PRODUCTS_DIR; };
		C45719611B032F6200883887 /* Info.plist */ = {isa = PBXFileReference; lastKnownFileType = text.plist.xml; path = Info.plist; sourceTree = "<group>"; };
		C45719621B032F6200883887 /* iOffelineTests.m */ = {isa = PBXFileReference; lastKnownFileType = sourcecode.c.objc; path = iOffelineTests.m; sourceTree = "<group>"; };
		C45719701B03303E00883887 /* ViewController.xib */ = {isa = PBXFileReference; fileEncoding = 4; lastKnownFileType = file.xib; path = ViewController.xib; sourceTree = "<group>"; };
		C45719721B03308500883887 /* libsqlite3.dylib */ = {isa = PBXFileReference; lastKnownFileType = "compiled.mach-o.dylib"; name = libsqlite3.dylib; path = usr/lib/libsqlite3.dylib; sourceTree = SDKROOT; };
		C45719751B0332FA00883887 /* DatabaseUtils.h */ = {isa = PBXFileReference; fileEncoding = 4; lastKnownFileType = sourcecode.c.h; path = DatabaseUtils.h; sourceTree = "<group>"; };
		C45719761B0332FA00883887 /* DatabaseUtils.m */ = {isa = PBXFileReference; fileEncoding = 4; lastKnownFileType = sourcecode.c.objc; path = DatabaseUtils.m; sourceTree = "<group>"; };
		C45719791B03355800883887 /* const.h */ = {isa = PBXFileReference; fileEncoding = 4; lastKnownFileType = sourcecode.c.h; path = const.h; sourceTree = "<group>"; };
		C457197A1B03355800883887 /* FileUtils.h */ = {isa = PBXFileReference; fileEncoding = 4; lastKnownFileType = sourcecode.c.h; path = FileUtils.h; sourceTree = "<group>"; };
		C457197B1B03355800883887 /* FileUtils.m */ = {isa = PBXFileReference; fileEncoding = 4; lastKnownFileType = sourcecode.c.objc; path = FileUtils.m; sourceTree = "<group>"; };
		C457197C1B03355800883887 /* HttpUtils.h */ = {isa = PBXFileReference; fileEncoding = 4; lastKnownFileType = sourcecode.c.h; path = HttpUtils.h; sourceTree = "<group>"; };
		C457197D1B03355800883887 /* HttpUtils.m */ = {isa = PBXFileReference; fileEncoding = 4; lastKnownFileType = sourcecode.c.objc; path = HttpUtils.m; sourceTree = "<group>"; };
		C457197E1B03355800883887 /* message.h */ = {isa = PBXFileReference; fileEncoding = 4; lastKnownFileType = sourcecode.c.h; path = message.h; sourceTree = "<group>"; };
		C457197F1B03355800883887 /* ViewUtils.h */ = {isa = PBXFileReference; fileEncoding = 4; lastKnownFileType = sourcecode.c.h; path = ViewUtils.h; sourceTree = "<group>"; };
		C45719801B03355800883887 /* ViewUtils.m */ = {isa = PBXFileReference; fileEncoding = 4; lastKnownFileType = sourcecode.c.objc; path = ViewUtils.m; sourceTree = "<group>"; };
		C45719841B03471E00883887 /* Reachability.h */ = {isa = PBXFileReference; fileEncoding = 4; lastKnownFileType = sourcecode.c.h; path = Reachability.h; sourceTree = "<group>"; };
		C45719851B03471E00883887 /* Reachability.m */ = {isa = PBXFileReference; fileEncoding = 4; lastKnownFileType = sourcecode.c.objc; path = Reachability.m; sourceTree = "<group>"; };
		C4813FF91B047C7B00282C1C /* PopupView.h */ = {isa = PBXFileReference; fileEncoding = 4; lastKnownFileType = sourcecode.c.h; path = PopupView.h; sourceTree = "<group>"; };
		C4813FFA1B047C7B00282C1C /* PopupView.m */ = {isa = PBXFileReference; fileEncoding = 4; lastKnownFileType = sourcecode.c.objc; path = PopupView.m; sourceTree = "<group>"; };
/* End PBXFileReference section */

/* Begin PBXFrameworksBuildPhase section */
		C45719401B032F6200883887 /* Frameworks */ = {
			isa = PBXFrameworksBuildPhase;
			buildActionMask = 2147483647;
			files = (
				C45719731B03308500883887 /* libsqlite3.dylib in Frameworks */,
			);
			runOnlyForDeploymentPostprocessing = 0;
		};
		C45719591B032F6200883887 /* Frameworks */ = {
			isa = PBXFrameworksBuildPhase;
			buildActionMask = 2147483647;
			files = (
			);
			runOnlyForDeploymentPostprocessing = 0;
		};
/* End PBXFrameworksBuildPhase section */

/* Begin PBXGroup section */
		C457193A1B032F6200883887 = {
			isa = PBXGroup;
			children = (
				C45719721B03308500883887 /* libsqlite3.dylib */,
				C45719451B032F6200883887 /* iOffeline */,
				C457195F1B032F6200883887 /* iOffelineTests */,
				C45719441B032F6200883887 /* Products */,
			);
			sourceTree = "<group>";
		};
		C45719441B032F6200883887 /* Products */ = {
			isa = PBXGroup;
			children = (
				C45719431B032F6200883887 /* iOffeline.app */,
				C457195C1B032F6200883887 /* iOffelineTests.xctest */,
			);
			name = Products;
			sourceTree = "<group>";
		};
		C45719451B032F6200883887 /* iOffeline */ = {
			isa = PBXGroup;
			children = (
				C45719781B03355800883887 /* Utils */,
				C45719741B0332FA00883887 /* DatabaseUtils */,
				C457194A1B032F6200883887 /* AppDelegate.h */,
				C457194B1B032F6200883887 /* AppDelegate.m */,
				C45719701B03303E00883887 /* ViewController.xib */,
				C457194D1B032F6200883887 /* ViewController.h */,
				C457194E1B032F6200883887 /* ViewController.m */,
				C45719531B032F6200883887 /* Images.xcassets */,
				C45719551B032F6200883887 /* LaunchScreen.xib */,
				C45719461B032F6200883887 /* Supporting Files */,
			);
			path = iOffeline;
			sourceTree = "<group>";
		};
		C45719461B032F6200883887 /* Supporting Files */ = {
			isa = PBXGroup;
			children = (
				C45719471B032F6200883887 /* Info.plist */,
				C45719481B032F6200883887 /* main.m */,
			);
			name = "Supporting Files";
			sourceTree = "<group>";
		};
		C457195F1B032F6200883887 /* iOffelineTests */ = {
			isa = PBXGroup;
			children = (
				C45719621B032F6200883887 /* iOffelineTests.m */,
				C45719601B032F6200883887 /* Supporting Files */,
			);
			path = iOffelineTests;
			sourceTree = "<group>";
		};
		C45719601B032F6200883887 /* Supporting Files */ = {
			isa = PBXGroup;
			children = (
				C45719611B032F6200883887 /* Info.plist */,
			);
			name = "Supporting Files";
			sourceTree = "<group>";
		};
		C45719741B0332FA00883887 /* DatabaseUtils */ = {
			isa = PBXGroup;
			children = (
				C45719751B0332FA00883887 /* DatabaseUtils.h */,
				C45719761B0332FA00883887 /* DatabaseUtils.m */,
			);
			path = DatabaseUtils;
			sourceTree = "<group>";
		};
		C45719781B03355800883887 /* Utils */ = {
			isa = PBXGroup;
			children = (
				C4813FF91B047C7B00282C1C /* PopupView.h */,
				C4813FFA1B047C7B00282C1C /* PopupView.m */,
				C45719841B03471E00883887 /* Reachability.h */,
				C45719851B03471E00883887 /* Reachability.m */,
				C45719791B03355800883887 /* const.h */,
				C457197A1B03355800883887 /* FileUtils.h */,
				C457197B1B03355800883887 /* FileUtils.m */,
				C457197C1B03355800883887 /* HttpUtils.h */,
				C457197D1B03355800883887 /* HttpUtils.m */,
				C457197E1B03355800883887 /* message.h */,
				C457197F1B03355800883887 /* ViewUtils.h */,
				C45719801B03355800883887 /* ViewUtils.m */,
			);
			path = Utils;
			sourceTree = "<group>";
		};
/* End PBXGroup section */

/* Begin PBXNativeTarget section */
		C45719421B032F6200883887 /* iOffeline */ = {
			isa = PBXNativeTarget;
			buildConfigurationList = C45719661B032F6200883887 /* Build configuration list for PBXNativeTarget "iOffeline" */;
			buildPhases = (
				C457193F1B032F6200883887 /* Sources */,
				C45719401B032F6200883887 /* Frameworks */,
				C45719411B032F6200883887 /* Resources */,
			);
			buildRules = (
			);
			dependencies = (
			);
			name = iOffeline;
			productName = iOffeline;
			productReference = C45719431B032F6200883887 /* iOffeline.app */;
			productType = "com.apple.product-type.application";
		};
		C457195B1B032F6200883887 /* iOffelineTests */ = {
			isa = PBXNativeTarget;
			buildConfigurationList = C45719691B032F6200883887 /* Build configuration list for PBXNativeTarget "iOffelineTests" */;
			buildPhases = (
				C45719581B032F6200883887 /* Sources */,
				C45719591B032F6200883887 /* Frameworks */,
				C457195A1B032F6200883887 /* Resources */,
			);
			buildRules = (
			);
			dependencies = (
				C457195E1B032F6200883887 /* PBXTargetDependency */,
			);
			name = iOffelineTests;
			productName = iOffelineTests;
			productReference = C457195C1B032F6200883887 /* iOffelineTests.xctest */;
			productType = "com.apple.product-type.bundle.unit-test";
		};
/* End PBXNativeTarget section */

/* Begin PBXProject section */
		C457193B1B032F6200883887 /* Project object */ = {
			isa = PBXProject;
			attributes = {
				LastUpgradeCheck = 0630;
				ORGANIZATIONNAME = Intfocus;
				TargetAttributes = {
					C45719421B032F6200883887 = {
						CreatedOnToolsVersion = 6.3.1;
					};
					C457195B1B032F6200883887 = {
						CreatedOnToolsVersion = 6.3.1;
						TestTargetID = C45719421B032F6200883887;
					};
				};
			};
			buildConfigurationList = C457193E1B032F6200883887 /* Build configuration list for PBXProject "iOffeline" */;
			compatibilityVersion = "Xcode 3.2";
			developmentRegion = English;
			hasScannedForEncodings = 0;
			knownRegions = (
				en,
				Base,
			);
			mainGroup = C457193A1B032F6200883887;
			productRefGroup = C45719441B032F6200883887 /* Products */;
			projectDirPath = "";
			projectRoot = "";
			targets = (
				C45719421B032F6200883887 /* iOffeline */,
				C457195B1B032F6200883887 /* iOffelineTests */,
			);
		};
/* End PBXProject section */

/* Begin PBXResourcesBuildPhase section */
		C45719411B032F6200883887 /* Resources */ = {
			isa = PBXResourcesBuildPhase;
			buildActionMask = 2147483647;
			files = (
				C45719571B032F6200883887 /* LaunchScreen.xib in Resources */,
				C45719711B03303E00883887 /* ViewController.xib in Resources */,
				C45719541B032F6200883887 /* Images.xcassets in Resources */,
			);
			runOnlyForDeploymentPostprocessing = 0;
		};
		C457195A1B032F6200883887 /* Resources */ = {
			isa = PBXResourcesBuildPhase;
			buildActionMask = 2147483647;
			files = (
			);
			runOnlyForDeploymentPostprocessing = 0;
		};
/* End PBXResourcesBuildPhase section */

/* Begin PBXSourcesBuildPhase section */
		C457193F1B032F6200883887 /* Sources */ = {
			isa = PBXSourcesBuildPhase;
			buildActionMask = 2147483647;
			files = (
				C45719811B03355800883887 /* FileUtils.m in Sources */,
				C45719771B0332FA00883887 /* DatabaseUtils.m in Sources */,
				C45719861B03471E00883887 /* Reachability.m in Sources */,
				C457194F1B032F6200883887 /* ViewController.m in Sources */,
				C45719831B03355800883887 /* ViewUtils.m in Sources */,
				C45719821B03355800883887 /* HttpUtils.m in Sources */,
				C4813FFB1B047C7B00282C1C /* PopupView.m in Sources */,
				C457194C1B032F6200883887 /* AppDelegate.m in Sources */,
				C45719491B032F6200883887 /* main.m in Sources */,
			);
			runOnlyForDeploymentPostprocessing = 0;
		};
		C45719581B032F6200883887 /* Sources */ = {
			isa = PBXSourcesBuildPhase;
			buildActionMask = 2147483647;
			files = (
				C45719631B032F6200883887 /* iOffelineTests.m in Sources */,
			);
			runOnlyForDeploymentPostprocessing = 0;
		};
/* End PBXSourcesBuildPhase section */

/* Begin PBXTargetDependency section */
		C457195E1B032F6200883887 /* PBXTargetDependency */ = {
			isa = PBXTargetDependency;
			target = C45719421B032F6200883887 /* iOffeline */;
			targetProxy = C457195D1B032F6200883887 /* PBXContainerItemProxy */;
		};
/* End PBXTargetDependency section */

/* Begin PBXVariantGroup section */
		C45719551B032F6200883887 /* LaunchScreen.xib */ = {
			isa = PBXVariantGroup;
			children = (
				C45719561B032F6200883887 /* Base */,
			);
			name = LaunchScreen.xib;
			sourceTree = "<group>";
		};
/* End PBXVariantGroup section */

/* Begin XCBuildConfiguration section */
		C45719641B032F6200883887 /* Debug */ = {
			isa = XCBuildConfiguration;
			buildSettings = {
				ALWAYS_SEARCH_USER_PATHS = NO;
				CLANG_CXX_LANGUAGE_STANDARD = "gnu++0x";
				CLANG_CXX_LIBRARY = "libc++";
				CLANG_ENABLE_MODULES = YES;
				CLANG_ENABLE_OBJC_ARC = YES;
				CLANG_WARN_BOOL_CONVERSION = YES;
				CLANG_WARN_CONSTANT_CONVERSION = YES;
				CLANG_WARN_DIRECT_OBJC_ISA_USAGE = YES_ERROR;
				CLANG_WARN_EMPTY_BODY = YES;
				CLANG_WARN_ENUM_CONVERSION = YES;
				CLANG_WARN_INT_CONVERSION = YES;
				CLANG_WARN_OBJC_ROOT_CLASS = YES_ERROR;
				CLANG_WARN_UNREACHABLE_CODE = YES;
				CLANG_WARN__DUPLICATE_METHOD_MATCH = YES;
				"CODE_SIGN_IDENTITY[sdk=iphoneos*]" = "iPhone Developer";
				COPY_PHASE_STRIP = NO;
				DEBUG_INFORMATION_FORMAT = "dwarf-with-dsym";
				ENABLE_STRICT_OBJC_MSGSEND = YES;
				GCC_C_LANGUAGE_STANDARD = gnu99;
				GCC_DYNAMIC_NO_PIC = NO;
				GCC_NO_COMMON_BLOCKS = YES;
				GCC_OPTIMIZATION_LEVEL = 0;
				GCC_PREPROCESSOR_DEFINITIONS = (
					"DEBUG=1",
					"$(inherited)",
				);
				GCC_SYMBOLS_PRIVATE_EXTERN = NO;
				GCC_WARN_64_TO_32_BIT_CONVERSION = YES;
				GCC_WARN_ABOUT_RETURN_TYPE = YES_ERROR;
				GCC_WARN_UNDECLARED_SELECTOR = YES;
				GCC_WARN_UNINITIALIZED_AUTOS = YES_AGGRESSIVE;
				GCC_WARN_UNUSED_FUNCTION = YES;
				GCC_WARN_UNUSED_VARIABLE = YES;
				IPHONEOS_DEPLOYMENT_TARGET = 8.3;
				MTL_ENABLE_DEBUG_INFO = YES;
				ONLY_ACTIVE_ARCH = YES;
				SDKROOT = iphoneos;
				TARGETED_DEVICE_FAMILY = "1,2";
			};
			name = Debug;
		};
		C45719651B032F6200883887 /* Release */ = {
			isa = XCBuildConfiguration;
			buildSettings = {
				ALWAYS_SEARCH_USER_PATHS = NO;
				CLANG_CXX_LANGUAGE_STANDARD = "gnu++0x";
				CLANG_CXX_LIBRARY = "libc++";
				CLANG_ENABLE_MODULES = YES;
				CLANG_ENABLE_OBJC_ARC = YES;
				CLANG_WARN_BOOL_CONVERSION = YES;
				CLANG_WARN_CONSTANT_CONVERSION = YES;
				CLANG_WARN_DIRECT_OBJC_ISA_USAGE = YES_ERROR;
				CLANG_WARN_EMPTY_BODY = YES;
				CLANG_WARN_ENUM_CONVERSION = YES;
				CLANG_WARN_INT_CONVERSION = YES;
				CLANG_WARN_OBJC_ROOT_CLASS = YES_ERROR;
				CLANG_WARN_UNREACHABLE_CODE = YES;
				CLANG_WARN__DUPLICATE_METHOD_MATCH = YES;
				"CODE_SIGN_IDENTITY[sdk=iphoneos*]" = "iPhone Developer";
				COPY_PHASE_STRIP = NO;
				DEBUG_INFORMATION_FORMAT = "dwarf-with-dsym";
				ENABLE_NS_ASSERTIONS = NO;
				ENABLE_STRICT_OBJC_MSGSEND = YES;
				GCC_C_LANGUAGE_STANDARD = gnu99;
				GCC_NO_COMMON_BLOCKS = YES;
				GCC_WARN_64_TO_32_BIT_CONVERSION = YES;
				GCC_WARN_ABOUT_RETURN_TYPE = YES_ERROR;
				GCC_WARN_UNDECLARED_SELECTOR = YES;
				GCC_WARN_UNINITIALIZED_AUTOS = YES_AGGRESSIVE;
				GCC_WARN_UNUSED_FUNCTION = YES;
				GCC_WARN_UNUSED_VARIABLE = YES;
				IPHONEOS_DEPLOYMENT_TARGET = 8.3;
				MTL_ENABLE_DEBUG_INFO = NO;
				SDKROOT = iphoneos;
				TARGETED_DEVICE_FAMILY = "1,2";
				VALIDATE_PRODUCT = YES;
			};
			name = Release;
		};
		C45719671B032F6200883887 /* Debug */ = {
			isa = XCBuildConfiguration;
			buildSettings = {
				ASSETCATALOG_COMPILER_APPICON_NAME = AppIcon;
				INFOPLIST_FILE = iOffeline/Info.plist;
				LD_RUNPATH_SEARCH_PATHS = "$(inherited) @executable_path/Frameworks";
				PRODUCT_NAME = "$(TARGET_NAME)";
			};
			name = Debug;
		};
		C45719681B032F6200883887 /* Release */ = {
			isa = XCBuildConfiguration;
			buildSettings = {
				ASSETCATALOG_COMPILER_APPICON_NAME = AppIcon;
				INFOPLIST_FILE = iOffeline/Info.plist;
				LD_RUNPATH_SEARCH_PATHS = "$(inherited) @executable_path/Frameworks";
				PRODUCT_NAME = "$(TARGET_NAME)";
			};
			name = Release;
		};
		C457196A1B032F6200883887 /* Debug */ = {
			isa = XCBuildConfiguration;
			buildSettings = {
				BUNDLE_LOADER = "$(TEST_HOST)";
				FRAMEWORK_SEARCH_PATHS = (
					"$(SDKROOT)/Developer/Library/Frameworks",
					"$(inherited)",
				);
				GCC_PREPROCESSOR_DEFINITIONS = (
					"DEBUG=1",
					"$(inherited)",
				);
				INFOPLIST_FILE = iOffelineTests/Info.plist;
				LD_RUNPATH_SEARCH_PATHS = "$(inherited) @executable_path/Frameworks @loader_path/Frameworks";
				PRODUCT_NAME = "$(TARGET_NAME)";
				TEST_HOST = "$(BUILT_PRODUCTS_DIR)/iOffeline.app/iOffeline";
			};
			name = Debug;
		};
		C457196B1B032F6200883887 /* Release */ = {
			isa = XCBuildConfiguration;
			buildSettings = {
				BUNDLE_LOADER = "$(TEST_HOST)";
				FRAMEWORK_SEARCH_PATHS = (
					"$(SDKROOT)/Developer/Library/Frameworks",
					"$(inherited)",
				);
				INFOPLIST_FILE = iOffelineTests/Info.plist;
				LD_RUNPATH_SEARCH_PATHS = "$(inherited) @executable_path/Frameworks @loader_path/Frameworks";
				PRODUCT_NAME = "$(TARGET_NAME)";
				TEST_HOST = "$(BUILT_PRODUCTS_DIR)/iOffeline.app/iOffeline";
			};
			name = Release;
		};
/* End XCBuildConfiguration section */

/* Begin XCConfigurationList section */
		C457193E1B032F6200883887 /* Build configuration list for PBXProject "iOffeline" */ = {
			isa = XCConfigurationList;
			buildConfigurations = (
				C45719641B032F6200883887 /* Debug */,
				C45719651B032F6200883887 /* Release */,
			);
			defaultConfigurationIsVisible = 0;
			defaultConfigurationName = Release;
		};
		C45719661B032F6200883887 /* Build configuration list for PBXNativeTarget "iOffeline" */ = {
			isa = XCConfigurationList;
			buildConfigurations = (
				C45719671B032F6200883887 /* Debug */,
				C45719681B032F6200883887 /* Release */,
			);
			defaultConfigurationIsVisible = 0;
			defaultConfigurationName = Release;
		};
		C45719691B032F6200883887 /* Build configuration list for PBXNativeTarget "iOffelineTests" */ = {
			isa = XCConfigurationList;
			buildConfigurations = (
				C457196A1B032F6200883887 /* Debug */,
				C457196B1B032F6200883887 /* Release */,
			);
			defaultConfigurationIsVisible = 0;
			defaultConfigurationName = Release;
		};
/* End XCConfigurationList section */
	};
	rootObject = C457193B1B032F6200883887 /* Project object */;
}
