// !$*UTF8*$!
{
	archiveVersion = 1;
	classes = {
	};
	objectVersion = 46;
	objects = {

/* Begin PBXBuildFile section */
		5E0EF22CB0E3FCFF514C90B4 /* libPods.a in Frameworks */ = {isa = PBXBuildFile; fileRef = 75C31A5A26A50B79A54B9722 /* libPods.a */; };
		C4042D001B4A481700F0E826 /* Version.m in Sources */ = {isa = PBXBuildFile; fileRef = C4042CFF1B4A481700F0E826 /* Version.m */; };
		C4042D041B4A951C00F0E826 /* ActionLog.m in Sources */ = {isa = PBXBuildFile; fileRef = C4042D031B4A951C00F0E826 /* ActionLog.m */; };
		C419AF791B46399E007FE00C /* SlideInfoView.xib in Resources */ = {isa = PBXBuildFile; fileRef = C419AF781B46399E007FE00C /* SlideInfoView.xib */; };
		C419AF841B468681007FE00C /* ViewUpgrade.m in Sources */ = {isa = PBXBuildFile; fileRef = C419AF821B468681007FE00C /* ViewUpgrade.m */; };
		C419AF851B468681007FE00C /* ViewUpgrade.xib in Resources */ = {isa = PBXBuildFile; fileRef = C419AF831B468681007FE00C /* ViewUpgrade.xib */; };
		C42EC86F1B2886CA000F84EF /* libz.dylib in Frameworks */ = {isa = PBXBuildFile; fileRef = C42EC86E1B2886CA000F84EF /* libz.dylib */; };
		C42EC8791B289082000F84EF /* LoginViewController.m in Sources */ = {isa = PBXBuildFile; fileRef = C42EC8771B289082000F84EF /* LoginViewController.m */; };
		C42EC8821B28908B000F84EF /* NotificationCell.m in Sources */ = {isa = PBXBuildFile; fileRef = C42EC87D1B28908B000F84EF /* NotificationCell.m */; };
		C42EC8831B28908B000F84EF /* NotificationCell.xib in Resources */ = {isa = PBXBuildFile; fileRef = C42EC87E1B28908B000F84EF /* NotificationCell.xib */; };
		C42EC8841B28908B000F84EF /* NotificationViewController.m in Sources */ = {isa = PBXBuildFile; fileRef = C42EC8801B28908B000F84EF /* NotificationViewController.m */; };
		C42EC8851B28908B000F84EF /* NotificationViewController.xib in Resources */ = {isa = PBXBuildFile; fileRef = C42EC8811B28908B000F84EF /* NotificationViewController.xib */; };
		C42EC8901B289392000F84EF /* OfflineViewController.m in Sources */ = {isa = PBXBuildFile; fileRef = C42EC88E1B289392000F84EF /* OfflineViewController.m */; };
		C42EC8961B289461000F84EF /* libsqlite3.dylib in Frameworks */ = {isa = PBXBuildFile; fileRef = C42EC8951B289461000F84EF /* libsqlite3.dylib */; };
		C4357C1F1B38F23A00854524 /* ApiUtils.m in Sources */ = {isa = PBXBuildFile; fileRef = C4357C1E1B38F23A00854524 /* ApiUtils.m */; };
		C4357C2B1B391B5600854524 /* User.m in Sources */ = {isa = PBXBuildFile; fileRef = C4357C251B391B5600854524 /* User.m */; };
		C4357C2C1B391B5600854524 /* Slide.m in Sources */ = {isa = PBXBuildFile; fileRef = C4357C281B391B5600854524 /* Slide.m */; };
		C44785FF1B3BC065006D4806 /* SettingViewController.m in Sources */ = {isa = PBXBuildFile; fileRef = C44785FE1B3BC065006D4806 /* SettingViewController.m */; };
		C44786011B3BC06F006D4806 /* SettingViewController.xib in Resources */ = {isa = PBXBuildFile; fileRef = C44786001B3BC06F006D4806 /* SettingViewController.xib */; };
		C44786031B3C5679006D4806 /* gmView.xib in Resources */ = {isa = PBXBuildFile; fileRef = C44786021B3C5679006D4806 /* gmView.xib */; };
		C44786061B3C5693006D4806 /* gmView.m in Sources */ = {isa = PBXBuildFile; fileRef = C44786051B3C5693006D4806 /* gmView.m */; };
		C449235A1B2AF72900E3BB65 /* ContentViewController.m in Sources */ = {isa = PBXBuildFile; fileRef = C44923581B2AF72900E3BB65 /* ContentViewController.m */; };
		C449235B1B2AF72900E3BB65 /* ContentViewController.xib in Resources */ = {isa = PBXBuildFile; fileRef = C44923591B2AF72900E3BB65 /* ContentViewController.xib */; };
		C44EF65F1B3E4BE3006AB765 /* LoginViewController.xib in Resources */ = {isa = PBXBuildFile; fileRef = C44EF65E1B3E4BE3006AB765 /* LoginViewController.xib */; };
		C44EF6621B3E9205006AB765 /* BaseModel.m in Sources */ = {isa = PBXBuildFile; fileRef = C44EF6611B3E9205006AB765 /* BaseModel.m */; };
		C46497301B2D6772005E3903 /* HomeViewController.m in Sources */ = {isa = PBXBuildFile; fileRef = C464972F1B2D6772005E3903 /* HomeViewController.m */; };
		C46497321B2D678B005E3903 /* HomeViewController.xib in Resources */ = {isa = PBXBuildFile; fileRef = C46497311B2D678B005E3903 /* HomeViewController.xib */; };
		C46497341B2D8244005E3903 /* OneViewController.xib in Resources */ = {isa = PBXBuildFile; fileRef = C46497331B2D8244005E3903 /* OneViewController.xib */; };
		C46497371B2D825D005E3903 /* OneViewController.m in Sources */ = {isa = PBXBuildFile; fileRef = C46497361B2D825D005E3903 /* OneViewController.m */; };
		C464973E1B2D88CC005E3903 /* ThreeViewController.m in Sources */ = {isa = PBXBuildFile; fileRef = C46497391B2D88CC005E3903 /* ThreeViewController.m */; };
		C464973F1B2D88CC005E3903 /* ThreeViewController.xib in Resources */ = {isa = PBXBuildFile; fileRef = C464973A1B2D88CC005E3903 /* ThreeViewController.xib */; };
		C46497401B2D88CC005E3903 /* TwoViewController.m in Sources */ = {isa = PBXBuildFile; fileRef = C464973C1B2D88CC005E3903 /* TwoViewController.m */; };
		C46497411B2D88CC005E3903 /* TwoViewController.xib in Resources */ = {isa = PBXBuildFile; fileRef = C464973D1B2D88CC005E3903 /* TwoViewController.xib */; };
		C46497461B2D8BFB005E3903 /* ContentUtis.m in Sources */ = {isa = PBXBuildFile; fileRef = C46497451B2D8BFB005E3903 /* ContentUtis.m */; };
		C464974A1B2D9737005E3903 /* OfflineCell.m in Sources */ = {isa = PBXBuildFile; fileRef = C46497491B2D9737005E3903 /* OfflineCell.m */; };
		C464974C1B2D9740005E3903 /* OfflineCell.xib in Resources */ = {isa = PBXBuildFile; fileRef = C464974B1B2D973F005E3903 /* OfflineCell.xib */; };
		C483230B1B49490D00E7251D /* SettingMainView.m in Sources */ = {isa = PBXBuildFile; fileRef = C48323071B49490D00E7251D /* SettingMainView.m */; };
		C483230C1B49490D00E7251D /* SettingMainView.xib in Resources */ = {isa = PBXBuildFile; fileRef = C48323081B49490D00E7251D /* SettingMainView.xib */; };
		C483230E1B4963C100E7251D /* SettingUserInfo.m in Sources */ = {isa = PBXBuildFile; fileRef = C483230D1B4963C100E7251D /* SettingUserInfo.m */; };
		C48323111B4963DA00E7251D /* SettingUserInfo.xib in Resources */ = {isa = PBXBuildFile; fileRef = C48323101B4963DA00E7251D /* SettingUserInfo.xib */; };
		C48323131B49714F00E7251D /* SettingAppInfo.xib in Resources */ = {isa = PBXBuildFile; fileRef = C48323121B49714F00E7251D /* SettingAppInfo.xib */; };
		C48323151B49715D00E7251D /* SettingAppInfo.m in Sources */ = {isa = PBXBuildFile; fileRef = C48323141B49715D00E7251D /* SettingAppInfo.m */; };
		C495D8741B341EE700C98FB4 /* DisplayViewController.m in Sources */ = {isa = PBXBuildFile; fileRef = C495D8731B341EE700C98FB4 /* DisplayViewController.m */; };
		C4A3AF0F1B2B0CCB00A12170 /* DisplayViewController.xib in Resources */ = {isa = PBXBuildFile; fileRef = C4A3AF0A1B2B0CCB00A12170 /* DisplayViewController.xib */; };
		C4A3AF101B2B0CCB00A12170 /* ReViewController.m in Sources */ = {isa = PBXBuildFile; fileRef = C4A3AF0C1B2B0CCB00A12170 /* ReViewController.m */; };
		C4A3AF111B2B0CCB00A12170 /* ReViewController.xib in Resources */ = {isa = PBXBuildFile; fileRef = C4A3AF0D1B2B0CCB00A12170 /* ReViewController.xib */; };
		C4A618EB1B2C7AEC00D0E91B /* UserHeadView.xib in Resources */ = {isa = PBXBuildFile; fileRef = C4A618DC1B2C7AEC00D0E91B /* UserHeadView.xib */; };
		C4A618EC1B2C7AEC00D0E91B /* UserHeadView.m in Sources */ = {isa = PBXBuildFile; fileRef = C4A618DD1B2C7AEC00D0E91B /* UserHeadView.m */; };
		C4A618ED1B2C7AEC00D0E91B /* SideViewController.xib in Resources */ = {isa = PBXBuildFile; fileRef = C4A618DF1B2C7AEC00D0E91B /* SideViewController.xib */; };
		C4A618EE1B2C7AEC00D0E91B /* SideViewController.m in Sources */ = {isa = PBXBuildFile; fileRef = C4A618E01B2C7AEC00D0E91B /* SideViewController.m */; };
		C4A618EF1B2C7AEC00D0E91B /* NewsListTabView.xib in Resources */ = {isa = PBXBuildFile; fileRef = C4A618E21B2C7AEC00D0E91B /* NewsListTabView.xib */; };
		C4A618F01B2C7AEC00D0E91B /* NewsListTabView.m in Sources */ = {isa = PBXBuildFile; fileRef = C4A618E31B2C7AEC00D0E91B /* NewsListTabView.m */; };
		C4A618F11B2C7AEC00D0E91B /* NewsListCell.xib in Resources */ = {isa = PBXBuildFile; fileRef = C4A618E51B2C7AEC00D0E91B /* NewsListCell.xib */; };
		C4A618F21B2C7AEC00D0E91B /* NewsListCell.m in Sources */ = {isa = PBXBuildFile; fileRef = C4A618E61B2C7AEC00D0E91B /* NewsListCell.m */; };
		C4A618F31B2C7AEC00D0E91B /* MainEntryButton.xib in Resources */ = {isa = PBXBuildFile; fileRef = C4A618E81B2C7AEC00D0E91B /* MainEntryButton.xib */; };
		C4A618F41B2C7AEC00D0E91B /* MainEntryButton.m in Sources */ = {isa = PBXBuildFile; fileRef = C4A618E91B2C7AEC00D0E91B /* MainEntryButton.m */; };
		C4A618F81B2C7B1200D0E91B /* MainViewController.xib in Resources */ = {isa = PBXBuildFile; fileRef = C4A618F51B2C7B1200D0E91B /* MainViewController.xib */; };
		C4A618F91B2C7B1200D0E91B /* MainViewController.m in Sources */ = {isa = PBXBuildFile; fileRef = C4A618F61B2C7B1200D0E91B /* MainViewController.m */; };
		C4A618FC1B2C7E2A00D0E91B /* RightSideViewController.m in Sources */ = {isa = PBXBuildFile; fileRef = C4A618FA1B2C7E2A00D0E91B /* RightSideViewController.m */; };
		C4B6F2A01B4158CD0057A8A1 /* close_x.png in Resources */ = {isa = PBXBuildFile; fileRef = C4B6F2941B4158CD0057A8A1 /* close_x.png */; };
		C4B6F2A11B4158CD0057A8A1 /* coverSlideSelected.png in Resources */ = {isa = PBXBuildFile; fileRef = C4B6F2961B4158CD0057A8A1 /* coverSlideSelected.png */; };
		C4B6F2A21B4158CD0057A8A1 /* coverSlideSelecting.png in Resources */ = {isa = PBXBuildFile; fileRef = C4B6F2971B4158CD0057A8A1 /* coverSlideSelecting.png */; };
		C4B6F2A41B4158CD0057A8A1 /* overlay_selected@2x.png in Resources */ = {isa = PBXBuildFile; fileRef = C4B6F2991B4158CD0057A8A1 /* overlay_selected@2x.png */; };
		C4B6F2A51B4158CD0057A8A1 /* overlay_selecting@2x.png in Resources */ = {isa = PBXBuildFile; fileRef = C4B6F29A1B4158CD0057A8A1 /* overlay_selecting@2x.png */; };
		C4B6F2A61B4158CD0057A8A1 /* thumbnailPageSlide.png in Resources */ = {isa = PBXBuildFile; fileRef = C4B6F29B1B4158CD0057A8A1 /* thumbnailPageSlide.png */; };
		C4B6F2A71B4158CD0057A8A1 /* thumbnailPageVideo.png in Resources */ = {isa = PBXBuildFile; fileRef = C4B6F29C1B4158CD0057A8A1 /* thumbnailPageVideo.png */; };
		C4B6F2A81B4158CD0057A8A1 /* thumbnailSlideDefault.png in Resources */ = {isa = PBXBuildFile; fileRef = C4B6F29D1B4158CD0057A8A1 /* thumbnailSlideDefault.png */; };
		C4B6F2A91B4158CD0057A8A1 /* ToDownload.png in Resources */ = {isa = PBXBuildFile; fileRef = C4B6F29E1B4158CD0057A8A1 /* ToDownload.png */; };
		C4B6F2AA1B4158CD0057A8A1 /* ToView.png in Resources */ = {isa = PBXBuildFile; fileRef = C4B6F29F1B4158CD0057A8A1 /* ToView.png */; };
		C4BED0791B2FFEE2000147A2 /* GMGridView.m in Sources */ = {isa = PBXBuildFile; fileRef = C4BED0451B2FFEE2000147A2 /* GMGridView.m */; };
		C4BED07A1B2FFEE2000147A2 /* GMGridViewCell.m in Sources */ = {isa = PBXBuildFile; fileRef = C4BED0481B2FFEE2000147A2 /* GMGridViewCell.m */; };
		C4BED07B1B2FFEE2000147A2 /* GMGridViewLayoutStrategies.m in Sources */ = {isa = PBXBuildFile; fileRef = C4BED04A1B2FFEE2000147A2 /* GMGridViewLayoutStrategies.m */; };
		C4BED07C1B2FFEE2000147A2 /* UIGestureRecognizer+GMGridViewAdditions.m in Sources */ = {isa = PBXBuildFile; fileRef = C4BED04C1B2FFEE2000147A2 /* UIGestureRecognizer+GMGridViewAdditions.m */; };
		C4BED07D1B2FFEE2000147A2 /* UIView+GMGridViewAdditions.m in Sources */ = {isa = PBXBuildFile; fileRef = C4BED04E1B2FFEE2000147A2 /* UIView+GMGridViewAdditions.m */; };
		C4BED0851B2FFEE2000147A2 /* DatabaseUtils.m in Sources */ = {isa = PBXBuildFile; fileRef = C4BED0611B2FFEE2000147A2 /* DatabaseUtils.m */; };
		C4BED0861B2FFEE2000147A2 /* DateUtils.m in Sources */ = {isa = PBXBuildFile; fileRef = C4BED0631B2FFEE2000147A2 /* DateUtils.m */; };
		C4BED0871B2FFEE2000147A2 /* ExtendNSLogFunctionality.m in Sources */ = {isa = PBXBuildFile; fileRef = C4BED0651B2FFEE2000147A2 /* ExtendNSLogFunctionality.m */; };
		C4BED0881B2FFEE2000147A2 /* FileUtils.m in Sources */ = {isa = PBXBuildFile; fileRef = C4BED0671B2FFEE2000147A2 /* FileUtils.m */; };
		C4BED0891B2FFEE2000147A2 /* HttpUtils.m in Sources */ = {isa = PBXBuildFile; fileRef = C4BED0691B2FFEE2000147A2 /* HttpUtils.m */; };
		C4BED08A1B2FFEE2000147A2 /* LogUtils.m in Sources */ = {isa = PBXBuildFile; fileRef = C4BED06B1B2FFEE2000147A2 /* LogUtils.m */; };
		C4BED08C1B2FFEE2000147A2 /* ViewUtils.m in Sources */ = {isa = PBXBuildFile; fileRef = C4BED06F1B2FFEE2000147A2 /* ViewUtils.m */; };
		C4BED0951B2FFF49000147A2 /* ViewSlidePage.m in Sources */ = {isa = PBXBuildFile; fileRef = C4BED0931B2FFF49000147A2 /* ViewSlidePage.m */; };
		C4BED0961B2FFF49000147A2 /* ViewSlidePage.xib in Resources */ = {isa = PBXBuildFile; fileRef = C4BED0941B2FFF49000147A2 /* ViewSlidePage.xib */; };
		C4BFEF481B2E6AF60080D7EE /* OfflineViewController.xib in Resources */ = {isa = PBXBuildFile; fileRef = C4BFEF471B2E6AF60080D7EE /* OfflineViewController.xib */; };
		C4D253CB1B326B410033F697 /* AddNewTagView.m in Sources */ = {isa = PBXBuildFile; fileRef = C4D253C31B326B410033F697 /* AddNewTagView.m */; };
		C4D253CC1B326B410033F697 /* AddNewTagView.xib in Resources */ = {isa = PBXBuildFile; fileRef = C4D253C41B326B410033F697 /* AddNewTagView.xib */; };
		C4D253CD1B326B410033F697 /* MainAddNewTagView.m in Sources */ = {isa = PBXBuildFile; fileRef = C4D253C61B326B410033F697 /* MainAddNewTagView.m */; };
		C4D253CE1B326B410033F697 /* MainAddNewTagView.xib in Resources */ = {isa = PBXBuildFile; fileRef = C4D253C71B326B410033F697 /* MainAddNewTagView.xib */; };
		C4D253CF1B326B410033F697 /* TagListView.m in Sources */ = {isa = PBXBuildFile; fileRef = C4D253C91B326B410033F697 /* TagListView.m */; };
		C4D253D01B326B410033F697 /* TagListView.xib in Resources */ = {isa = PBXBuildFile; fileRef = C4D253CA1B326B410033F697 /* TagListView.xib */; };
		C4D253D21B326B640033F697 /* FavoriteViewController.xib in Resources */ = {isa = PBXBuildFile; fileRef = C4D253D11B326B640033F697 /* FavoriteViewController.xib */; };
		C4D253D41B326B780033F697 /* FavoriteViewController.m in Sources */ = {isa = PBXBuildFile; fileRef = C4D253D31B326B780033F697 /* FavoriteViewController.m */; };
		C4D253E51B32FE030033F697 /* ViewSlide.m in Sources */ = {isa = PBXBuildFile; fileRef = C4D253DC1B32FE030033F697 /* ViewSlide.m */; };
		C4D253E61B32FE030033F697 /* ViewSlide.xib in Resources */ = {isa = PBXBuildFile; fileRef = C4D253DD1B32FE030033F697 /* ViewSlide.xib */; };
		C4D253E71B32FE030033F697 /* PaintView.m in Sources */ = {isa = PBXBuildFile; fileRef = C4D253E01B32FE030033F697 /* PaintView.m */; };
		C4D253E81B32FE030033F697 /* ViewCategory.m in Sources */ = {isa = PBXBuildFile; fileRef = C4D253E31B32FE030033F697 /* ViewCategory.m */; };
		C4D253E91B32FE030033F697 /* ViewCategory.xib in Resources */ = {isa = PBXBuildFile; fileRef = C4D253E41B32FE030033F697 /* ViewCategory.xib */; };
		C4D253ED1B32FE4E0033F697 /* SlideInfoView.m in Sources */ = {isa = PBXBuildFile; fileRef = C4D253EC1B32FE4E0033F697 /* SlideInfoView.m */; };
		C4E3CCDE1B184E530067B762 /* main.m in Sources */ = {isa = PBXBuildFile; fileRef = C4E3CCDD1B184E530067B762 /* main.m */; };
		C4E3CCE11B184E530067B762 /* AppDelegate.m in Sources */ = {isa = PBXBuildFile; fileRef = C4E3CCE01B184E530067B762 /* AppDelegate.m */; };
		C4E3CCE91B184E530067B762 /* Images.xcassets in Resources */ = {isa = PBXBuildFile; fileRef = C4E3CCE81B184E530067B762 /* Images.xcassets */; };
		C4E3CCEC1B184E530067B762 /* LaunchScreen.xib in Resources */ = {isa = PBXBuildFile; fileRef = C4E3CCEA1B184E530067B762 /* LaunchScreen.xib */; };
		C4E3CCF81B184E530067B762 /* iSearchTests.m in Sources */ = {isa = PBXBuildFile; fileRef = C4E3CCF71B184E530067B762 /* iSearchTests.m */; };
/* End PBXBuildFile section */

/* Begin PBXContainerItemProxy section */
		C4E3CCF21B184E530067B762 /* PBXContainerItemProxy */ = {
			isa = PBXContainerItemProxy;
			containerPortal = C4E3CCD01B184E520067B762 /* Project object */;
			proxyType = 1;
			remoteGlobalIDString = C4E3CCD71B184E520067B762;
			remoteInfo = iSearch;
		};
/* End PBXContainerItemProxy section */

/* Begin PBXFileReference section */
		3CB226BD2DC5BFC7B479B425 /* Pods.debug.xcconfig */ = {isa = PBXFileReference; includeInIndex = 1; lastKnownFileType = text.xcconfig; name = Pods.debug.xcconfig; path = "Pods/Target Support Files/Pods/Pods.debug.xcconfig"; sourceTree = "<group>"; };
		69C51D4C3FBD72A25C0D44F2 /* Pods.release.xcconfig */ = {isa = PBXFileReference; includeInIndex = 1; lastKnownFileType = text.xcconfig; name = Pods.release.xcconfig; path = "Pods/Target Support Files/Pods/Pods.release.xcconfig"; sourceTree = "<group>"; };
		75C31A5A26A50B79A54B9722 /* libPods.a */ = {isa = PBXFileReference; explicitFileType = archive.ar; includeInIndex = 0; path = libPods.a; sourceTree = BUILT_PRODUCTS_DIR; };
		C4042CFE1B4A481700F0E826 /* Version.h */ = {isa = PBXFileReference; fileEncoding = 4; lastKnownFileType = sourcecode.c.h; path = Version.h; sourceTree = "<group>"; };
		C4042CFF1B4A481700F0E826 /* Version.m */ = {isa = PBXFileReference; fileEncoding = 4; lastKnownFileType = sourcecode.c.objc; path = Version.m; sourceTree = "<group>"; };
		C4042D021B4A951000F0E826 /* ActionLog.h */ = {isa = PBXFileReference; lastKnownFileType = sourcecode.c.h; path = ActionLog.h; sourceTree = "<group>"; };
		C4042D031B4A951C00F0E826 /* ActionLog.m */ = {isa = PBXFileReference; fileEncoding = 4; lastKnownFileType = sourcecode.c.objc; path = ActionLog.m; sourceTree = "<group>"; };
		C419AF781B46399E007FE00C /* SlideInfoView.xib */ = {isa = PBXFileReference; fileEncoding = 4; lastKnownFileType = file.xib; path = SlideInfoView.xib; sourceTree = "<group>"; };
		C419AF811B468681007FE00C /* ViewUpgrade.h */ = {isa = PBXFileReference; fileEncoding = 4; lastKnownFileType = sourcecode.c.h; path = ViewUpgrade.h; sourceTree = "<group>"; };
		C419AF821B468681007FE00C /* ViewUpgrade.m */ = {isa = PBXFileReference; fileEncoding = 4; lastKnownFileType = sourcecode.c.objc; path = ViewUpgrade.m; sourceTree = "<group>"; };
		C419AF831B468681007FE00C /* ViewUpgrade.xib */ = {isa = PBXFileReference; fileEncoding = 4; lastKnownFileType = file.xib; path = ViewUpgrade.xib; sourceTree = "<group>"; };
		C42EC86E1B2886CA000F84EF /* libz.dylib */ = {isa = PBXFileReference; lastKnownFileType = "compiled.mach-o.dylib"; name = libz.dylib; path = usr/lib/libz.dylib; sourceTree = SDKROOT; };
		C42EC8761B289082000F84EF /* LoginViewController.h */ = {isa = PBXFileReference; fileEncoding = 4; lastKnownFileType = sourcecode.c.h; path = LoginViewController.h; sourceTree = "<group>"; };
		C42EC8771B289082000F84EF /* LoginViewController.m */ = {isa = PBXFileReference; fileEncoding = 4; lastKnownFileType = sourcecode.c.objc; path = LoginViewController.m; sourceTree = "<group>"; };
		C42EC87C1B28908B000F84EF /* NotificationCell.h */ = {isa = PBXFileReference; fileEncoding = 4; lastKnownFileType = sourcecode.c.h; path = NotificationCell.h; sourceTree = "<group>"; };
		C42EC87D1B28908B000F84EF /* NotificationCell.m */ = {isa = PBXFileReference; fileEncoding = 4; lastKnownFileType = sourcecode.c.objc; path = NotificationCell.m; sourceTree = "<group>"; };
		C42EC87E1B28908B000F84EF /* NotificationCell.xib */ = {isa = PBXFileReference; fileEncoding = 4; lastKnownFileType = file.xib; path = NotificationCell.xib; sourceTree = "<group>"; };
		C42EC87F1B28908B000F84EF /* NotificationViewController.h */ = {isa = PBXFileReference; fileEncoding = 4; lastKnownFileType = sourcecode.c.h; path = NotificationViewController.h; sourceTree = "<group>"; };
		C42EC8801B28908B000F84EF /* NotificationViewController.m */ = {isa = PBXFileReference; fileEncoding = 4; lastKnownFileType = sourcecode.c.objc; path = NotificationViewController.m; sourceTree = "<group>"; };
		C42EC8811B28908B000F84EF /* NotificationViewController.xib */ = {isa = PBXFileReference; fileEncoding = 4; lastKnownFileType = file.xib; path = NotificationViewController.xib; sourceTree = "<group>"; };
		C42EC88D1B289392000F84EF /* OfflineViewController.h */ = {isa = PBXFileReference; fileEncoding = 4; lastKnownFileType = sourcecode.c.h; path = OfflineViewController.h; sourceTree = "<group>"; };
		C42EC88E1B289392000F84EF /* OfflineViewController.m */ = {isa = PBXFileReference; fileEncoding = 4; lastKnownFileType = sourcecode.c.objc; path = OfflineViewController.m; sourceTree = "<group>"; };
		C42EC8951B289461000F84EF /* libsqlite3.dylib */ = {isa = PBXFileReference; lastKnownFileType = "compiled.mach-o.dylib"; name = libsqlite3.dylib; path = usr/lib/libsqlite3.dylib; sourceTree = SDKROOT; };
		C4357C1D1B38F23000854524 /* ApiUtils.h */ = {isa = PBXFileReference; lastKnownFileType = sourcecode.c.h; path = ApiUtils.h; sourceTree = "<group>"; };
		C4357C1E1B38F23A00854524 /* ApiUtils.m */ = {isa = PBXFileReference; fileEncoding = 4; lastKnownFileType = sourcecode.c.objc; path = ApiUtils.m; sourceTree = "<group>"; };
		C4357C241B391B5600854524 /* User.h */ = {isa = PBXFileReference; fileEncoding = 4; lastKnownFileType = sourcecode.c.h; path = User.h; sourceTree = "<group>"; };
		C4357C251B391B5600854524 /* User.m */ = {isa = PBXFileReference; fileEncoding = 4; lastKnownFileType = sourcecode.c.objc; path = User.m; sourceTree = "<group>"; };
		C4357C271B391B5600854524 /* Slide.h */ = {isa = PBXFileReference; fileEncoding = 4; lastKnownFileType = sourcecode.c.h; path = Slide.h; sourceTree = "<group>"; };
		C4357C281B391B5600854524 /* Slide.m */ = {isa = PBXFileReference; fileEncoding = 4; lastKnownFileType = sourcecode.c.objc; path = Slide.m; sourceTree = "<group>"; };
		C44785FD1B3BC055006D4806 /* SettingViewController.h */ = {isa = PBXFileReference; lastKnownFileType = sourcecode.c.h; path = SettingViewController.h; sourceTree = "<group>"; };
		C44785FE1B3BC065006D4806 /* SettingViewController.m */ = {isa = PBXFileReference; fileEncoding = 4; lastKnownFileType = sourcecode.c.objc; path = SettingViewController.m; sourceTree = "<group>"; };
		C44786001B3BC06F006D4806 /* SettingViewController.xib */ = {isa = PBXFileReference; fileEncoding = 4; lastKnownFileType = file.xib; path = SettingViewController.xib; sourceTree = "<group>"; };
		C44786021B3C5679006D4806 /* gmView.xib */ = {isa = PBXFileReference; fileEncoding = 4; lastKnownFileType = file.xib; path = gmView.xib; sourceTree = "<group>"; };
		C44786041B3C5685006D4806 /* gmView.h */ = {isa = PBXFileReference; lastKnownFileType = sourcecode.c.h; path = gmView.h; sourceTree = "<group>"; };
		C44786051B3C5693006D4806 /* gmView.m */ = {isa = PBXFileReference; fileEncoding = 4; lastKnownFileType = sourcecode.c.objc; path = gmView.m; sourceTree = "<group>"; };
		C44923571B2AF72900E3BB65 /* ContentViewController.h */ = {isa = PBXFileReference; fileEncoding = 4; lastKnownFileType = sourcecode.c.h; path = ContentViewController.h; sourceTree = "<group>"; };
		C44923581B2AF72900E3BB65 /* ContentViewController.m */ = {isa = PBXFileReference; fileEncoding = 4; lastKnownFileType = sourcecode.c.objc; path = ContentViewController.m; sourceTree = "<group>"; };
		C44923591B2AF72900E3BB65 /* ContentViewController.xib */ = {isa = PBXFileReference; fileEncoding = 4; lastKnownFileType = file.xib; path = ContentViewController.xib; sourceTree = "<group>"; };
		C44EF65E1B3E4BE3006AB765 /* LoginViewController.xib */ = {isa = PBXFileReference; fileEncoding = 4; lastKnownFileType = file.xib; path = LoginViewController.xib; sourceTree = "<group>"; };
		C44EF6611B3E9205006AB765 /* BaseModel.m */ = {isa = PBXFileReference; fileEncoding = 4; lastKnownFileType = sourcecode.c.objc; path = BaseModel.m; sourceTree = "<group>"; };
		C44EF6631B3E920D006AB765 /* BaseModel.h */ = {isa = PBXFileReference; lastKnownFileType = sourcecode.c.h; path = BaseModel.h; sourceTree = "<group>"; };
		C464972E1B2D6767005E3903 /* HomeViewController.h */ = {isa = PBXFileReference; lastKnownFileType = sourcecode.c.h; path = HomeViewController.h; sourceTree = "<group>"; };
		C464972F1B2D6772005E3903 /* HomeViewController.m */ = {isa = PBXFileReference; fileEncoding = 4; lastKnownFileType = sourcecode.c.objc; path = HomeViewController.m; sourceTree = "<group>"; };
		C46497311B2D678B005E3903 /* HomeViewController.xib */ = {isa = PBXFileReference; fileEncoding = 4; lastKnownFileType = file.xib; path = HomeViewController.xib; sourceTree = "<group>"; };
		C46497331B2D8244005E3903 /* OneViewController.xib */ = {isa = PBXFileReference; fileEncoding = 4; lastKnownFileType = file.xib; path = OneViewController.xib; sourceTree = "<group>"; };
		C46497351B2D8251005E3903 /* OneViewController.h */ = {isa = PBXFileReference; lastKnownFileType = sourcecode.c.h; path = OneViewController.h; sourceTree = "<group>"; };
		C46497361B2D825D005E3903 /* OneViewController.m */ = {isa = PBXFileReference; fileEncoding = 4; lastKnownFileType = sourcecode.c.objc; path = OneViewController.m; sourceTree = "<group>"; };
		C46497381B2D88CC005E3903 /* ThreeViewController.h */ = {isa = PBXFileReference; fileEncoding = 4; lastKnownFileType = sourcecode.c.h; path = ThreeViewController.h; sourceTree = "<group>"; };
		C46497391B2D88CC005E3903 /* ThreeViewController.m */ = {isa = PBXFileReference; fileEncoding = 4; lastKnownFileType = sourcecode.c.objc; path = ThreeViewController.m; sourceTree = "<group>"; };
		C464973A1B2D88CC005E3903 /* ThreeViewController.xib */ = {isa = PBXFileReference; fileEncoding = 4; lastKnownFileType = file.xib; path = ThreeViewController.xib; sourceTree = "<group>"; };
		C464973B1B2D88CC005E3903 /* TwoViewController.h */ = {isa = PBXFileReference; fileEncoding = 4; lastKnownFileType = sourcecode.c.h; path = TwoViewController.h; sourceTree = "<group>"; };
		C464973C1B2D88CC005E3903 /* TwoViewController.m */ = {isa = PBXFileReference; fileEncoding = 4; lastKnownFileType = sourcecode.c.objc; path = TwoViewController.m; sourceTree = "<group>"; };
		C464973D1B2D88CC005E3903 /* TwoViewController.xib */ = {isa = PBXFileReference; fileEncoding = 4; lastKnownFileType = file.xib; path = TwoViewController.xib; sourceTree = "<group>"; };
		C46497451B2D8BFB005E3903 /* ContentUtis.m */ = {isa = PBXFileReference; fileEncoding = 4; lastKnownFileType = sourcecode.c.objc; path = ContentUtis.m; sourceTree = "<group>"; };
		C46497471B2D8C03005E3903 /* ContentUtils.h */ = {isa = PBXFileReference; lastKnownFileType = sourcecode.c.h; path = ContentUtils.h; sourceTree = "<group>"; };
		C46497481B2D972E005E3903 /* OfflineCell.h */ = {isa = PBXFileReference; lastKnownFileType = sourcecode.c.h; path = OfflineCell.h; sourceTree = "<group>"; };
		C46497491B2D9737005E3903 /* OfflineCell.m */ = {isa = PBXFileReference; fileEncoding = 4; lastKnownFileType = sourcecode.c.objc; path = OfflineCell.m; sourceTree = "<group>"; };
		C464974B1B2D973F005E3903 /* OfflineCell.xib */ = {isa = PBXFileReference; fileEncoding = 4; lastKnownFileType = file.xib; path = OfflineCell.xib; sourceTree = "<group>"; };
		C48323061B49490D00E7251D /* SettingMainView.h */ = {isa = PBXFileReference; fileEncoding = 4; lastKnownFileType = sourcecode.c.h; path = SettingMainView.h; sourceTree = "<group>"; };
		C48323071B49490D00E7251D /* SettingMainView.m */ = {isa = PBXFileReference; fileEncoding = 4; lastKnownFileType = sourcecode.c.objc; path = SettingMainView.m; sourceTree = "<group>"; };
		C48323081B49490D00E7251D /* SettingMainView.xib */ = {isa = PBXFileReference; fileEncoding = 4; lastKnownFileType = file.xib; path = SettingMainView.xib; sourceTree = "<group>"; };
		C483230D1B4963C100E7251D /* SettingUserInfo.m */ = {isa = PBXFileReference; fileEncoding = 4; lastKnownFileType = sourcecode.c.objc; path = SettingUserInfo.m; sourceTree = "<group>"; };
		C483230F1B4963CE00E7251D /* SettingUserInfo.h */ = {isa = PBXFileReference; lastKnownFileType = sourcecode.c.h; path = SettingUserInfo.h; sourceTree = "<group>"; };
		C48323101B4963DA00E7251D /* SettingUserInfo.xib */ = {isa = PBXFileReference; fileEncoding = 4; lastKnownFileType = file.xib; path = SettingUserInfo.xib; sourceTree = "<group>"; };
		C48323121B49714F00E7251D /* SettingAppInfo.xib */ = {isa = PBXFileReference; fileEncoding = 4; lastKnownFileType = file.xib; path = SettingAppInfo.xib; sourceTree = "<group>"; };
		C48323141B49715D00E7251D /* SettingAppInfo.m */ = {isa = PBXFileReference; fileEncoding = 4; lastKnownFileType = sourcecode.c.objc; path = SettingAppInfo.m; sourceTree = "<group>"; };
		C48323161B49716500E7251D /* SettingAppInfo.h */ = {isa = PBXFileReference; lastKnownFileType = sourcecode.c.h; path = SettingAppInfo.h; sourceTree = "<group>"; };
		C495D8731B341EE700C98FB4 /* DisplayViewController.m */ = {isa = PBXFileReference; fileEncoding = 4; lastKnownFileType = sourcecode.c.objc; path = DisplayViewController.m; sourceTree = "<group>"; };
		C4A3AF081B2B0CCB00A12170 /* DisplayViewController.h */ = {isa = PBXFileReference; fileEncoding = 4; lastKnownFileType = sourcecode.c.h; path = DisplayViewController.h; sourceTree = "<group>"; };
		C4A3AF0A1B2B0CCB00A12170 /* DisplayViewController.xib */ = {isa = PBXFileReference; fileEncoding = 4; lastKnownFileType = file.xib; path = DisplayViewController.xib; sourceTree = "<group>"; };
		C4A3AF0B1B2B0CCB00A12170 /* ReViewController.h */ = {isa = PBXFileReference; fileEncoding = 4; lastKnownFileType = sourcecode.c.h; path = ReViewController.h; sourceTree = "<group>"; };
		C4A3AF0C1B2B0CCB00A12170 /* ReViewController.m */ = {isa = PBXFileReference; fileEncoding = 4; lastKnownFileType = sourcecode.c.objc; path = ReViewController.m; sourceTree = "<group>"; };
		C4A3AF0D1B2B0CCB00A12170 /* ReViewController.xib */ = {isa = PBXFileReference; fileEncoding = 4; lastKnownFileType = file.xib; path = ReViewController.xib; sourceTree = "<group>"; };
		C4A618DC1B2C7AEC00D0E91B /* UserHeadView.xib */ = {isa = PBXFileReference; fileEncoding = 4; lastKnownFileType = file.xib; path = UserHeadView.xib; sourceTree = "<group>"; };
		C4A618DD1B2C7AEC00D0E91B /* UserHeadView.m */ = {isa = PBXFileReference; fileEncoding = 4; lastKnownFileType = sourcecode.c.objc; path = UserHeadView.m; sourceTree = "<group>"; };
		C4A618DE1B2C7AEC00D0E91B /* UserHeadView.h */ = {isa = PBXFileReference; fileEncoding = 4; lastKnownFileType = sourcecode.c.h; path = UserHeadView.h; sourceTree = "<group>"; };
		C4A618DF1B2C7AEC00D0E91B /* SideViewController.xib */ = {isa = PBXFileReference; fileEncoding = 4; lastKnownFileType = file.xib; path = SideViewController.xib; sourceTree = "<group>"; };
		C4A618E01B2C7AEC00D0E91B /* SideViewController.m */ = {isa = PBXFileReference; fileEncoding = 4; lastKnownFileType = sourcecode.c.objc; path = SideViewController.m; sourceTree = "<group>"; };
		C4A618E11B2C7AEC00D0E91B /* SideViewController.h */ = {isa = PBXFileReference; fileEncoding = 4; lastKnownFileType = sourcecode.c.h; path = SideViewController.h; sourceTree = "<group>"; };
		C4A618E21B2C7AEC00D0E91B /* NewsListTabView.xib */ = {isa = PBXFileReference; fileEncoding = 4; lastKnownFileType = file.xib; path = NewsListTabView.xib; sourceTree = "<group>"; };
		C4A618E31B2C7AEC00D0E91B /* NewsListTabView.m */ = {isa = PBXFileReference; fileEncoding = 4; lastKnownFileType = sourcecode.c.objc; path = NewsListTabView.m; sourceTree = "<group>"; };
		C4A618E41B2C7AEC00D0E91B /* NewsListTabView.h */ = {isa = PBXFileReference; fileEncoding = 4; lastKnownFileType = sourcecode.c.h; path = NewsListTabView.h; sourceTree = "<group>"; };
		C4A618E51B2C7AEC00D0E91B /* NewsListCell.xib */ = {isa = PBXFileReference; fileEncoding = 4; lastKnownFileType = file.xib; path = NewsListCell.xib; sourceTree = "<group>"; };
		C4A618E61B2C7AEC00D0E91B /* NewsListCell.m */ = {isa = PBXFileReference; fileEncoding = 4; lastKnownFileType = sourcecode.c.objc; path = NewsListCell.m; sourceTree = "<group>"; };
		C4A618E71B2C7AEC00D0E91B /* NewsListCell.h */ = {isa = PBXFileReference; fileEncoding = 4; lastKnownFileType = sourcecode.c.h; path = NewsListCell.h; sourceTree = "<group>"; };
		C4A618E81B2C7AEC00D0E91B /* MainEntryButton.xib */ = {isa = PBXFileReference; fileEncoding = 4; lastKnownFileType = file.xib; path = MainEntryButton.xib; sourceTree = "<group>"; };
		C4A618E91B2C7AEC00D0E91B /* MainEntryButton.m */ = {isa = PBXFileReference; fileEncoding = 4; lastKnownFileType = sourcecode.c.objc; path = MainEntryButton.m; sourceTree = "<group>"; };
		C4A618EA1B2C7AEC00D0E91B /* MainEntryButton.h */ = {isa = PBXFileReference; fileEncoding = 4; lastKnownFileType = sourcecode.c.h; path = MainEntryButton.h; sourceTree = "<group>"; };
		C4A618F51B2C7B1200D0E91B /* MainViewController.xib */ = {isa = PBXFileReference; fileEncoding = 4; lastKnownFileType = file.xib; path = MainViewController.xib; sourceTree = "<group>"; };
		C4A618F61B2C7B1200D0E91B /* MainViewController.m */ = {isa = PBXFileReference; fileEncoding = 4; lastKnownFileType = sourcecode.c.objc; path = MainViewController.m; sourceTree = "<group>"; };
		C4A618F71B2C7B1200D0E91B /* MainViewController.h */ = {isa = PBXFileReference; fileEncoding = 4; lastKnownFileType = sourcecode.c.h; path = MainViewController.h; sourceTree = "<group>"; };
		C4A618FA1B2C7E2A00D0E91B /* RightSideViewController.m */ = {isa = PBXFileReference; fileEncoding = 4; lastKnownFileType = sourcecode.c.objc; path = RightSideViewController.m; sourceTree = "<group>"; };
		C4A618FB1B2C7E2A00D0E91B /* RightSideViewController.h */ = {isa = PBXFileReference; fileEncoding = 4; lastKnownFileType = sourcecode.c.h; path = RightSideViewController.h; sourceTree = "<group>"; };
		C4B6F2941B4158CD0057A8A1 /* close_x.png */ = {isa = PBXFileReference; lastKnownFileType = image.png; path = close_x.png; sourceTree = "<group>"; };
		C4B6F2961B4158CD0057A8A1 /* coverSlideSelected.png */ = {isa = PBXFileReference; lastKnownFileType = image.png; path = coverSlideSelected.png; sourceTree = "<group>"; };
		C4B6F2971B4158CD0057A8A1 /* coverSlideSelecting.png */ = {isa = PBXFileReference; lastKnownFileType = image.png; path = coverSlideSelecting.png; sourceTree = "<group>"; };
		C4B6F2991B4158CD0057A8A1 /* overlay_selected@2x.png */ = {isa = PBXFileReference; lastKnownFileType = image.png; path = "overlay_selected@2x.png"; sourceTree = "<group>"; };
		C4B6F29A1B4158CD0057A8A1 /* overlay_selecting@2x.png */ = {isa = PBXFileReference; lastKnownFileType = image.png; path = "overlay_selecting@2x.png"; sourceTree = "<group>"; };
		C4B6F29B1B4158CD0057A8A1 /* thumbnailPageSlide.png */ = {isa = PBXFileReference; lastKnownFileType = image.png; path = thumbnailPageSlide.png; sourceTree = "<group>"; };
		C4B6F29C1B4158CD0057A8A1 /* thumbnailPageVideo.png */ = {isa = PBXFileReference; lastKnownFileType = image.png; path = thumbnailPageVideo.png; sourceTree = "<group>"; };
		C4B6F29D1B4158CD0057A8A1 /* thumbnailSlideDefault.png */ = {isa = PBXFileReference; lastKnownFileType = image.png; path = thumbnailSlideDefault.png; sourceTree = "<group>"; };
		C4B6F29E1B4158CD0057A8A1 /* ToDownload.png */ = {isa = PBXFileReference; lastKnownFileType = image.png; path = ToDownload.png; sourceTree = "<group>"; };
		C4B6F29F1B4158CD0057A8A1 /* ToView.png */ = {isa = PBXFileReference; lastKnownFileType = image.png; path = ToView.png; sourceTree = "<group>"; };
		C4BED0401B2FFEE2000147A2 /* const.h */ = {isa = PBXFileReference; fileEncoding = 4; lastKnownFileType = sourcecode.c.h; path = const.h; sourceTree = "<group>"; };
		C4BED0411B2FFEE2000147A2 /* message.h */ = {isa = PBXFileReference; fileEncoding = 4; lastKnownFileType = sourcecode.c.h; path = message.h; sourceTree = "<group>"; };
		C4BED0431B2FFEE2000147A2 /* GMGridView-Constants.h */ = {isa = PBXFileReference; fileEncoding = 4; lastKnownFileType = sourcecode.c.h; path = "GMGridView-Constants.h"; sourceTree = "<group>"; };
		C4BED0441B2FFEE2000147A2 /* GMGridView.h */ = {isa = PBXFileReference; fileEncoding = 4; lastKnownFileType = sourcecode.c.h; path = GMGridView.h; sourceTree = "<group>"; };
		C4BED0451B2FFEE2000147A2 /* GMGridView.m */ = {isa = PBXFileReference; fileEncoding = 4; lastKnownFileType = sourcecode.c.objc; path = GMGridView.m; sourceTree = "<group>"; };
		C4BED0461B2FFEE2000147A2 /* GMGridViewCell+Extended.h */ = {isa = PBXFileReference; fileEncoding = 4; lastKnownFileType = sourcecode.c.h; path = "GMGridViewCell+Extended.h"; sourceTree = "<group>"; };
		C4BED0471B2FFEE2000147A2 /* GMGridViewCell.h */ = {isa = PBXFileReference; fileEncoding = 4; lastKnownFileType = sourcecode.c.h; path = GMGridViewCell.h; sourceTree = "<group>"; };
		C4BED0481B2FFEE2000147A2 /* GMGridViewCell.m */ = {isa = PBXFileReference; fileEncoding = 4; lastKnownFileType = sourcecode.c.objc; path = GMGridViewCell.m; sourceTree = "<group>"; };
		C4BED0491B2FFEE2000147A2 /* GMGridViewLayoutStrategies.h */ = {isa = PBXFileReference; fileEncoding = 4; lastKnownFileType = sourcecode.c.h; path = GMGridViewLayoutStrategies.h; sourceTree = "<group>"; };
		C4BED04A1B2FFEE2000147A2 /* GMGridViewLayoutStrategies.m */ = {isa = PBXFileReference; fileEncoding = 4; lastKnownFileType = sourcecode.c.objc; path = GMGridViewLayoutStrategies.m; sourceTree = "<group>"; };
		C4BED04B1B2FFEE2000147A2 /* UIGestureRecognizer+GMGridViewAdditions.h */ = {isa = PBXFileReference; fileEncoding = 4; lastKnownFileType = sourcecode.c.h; path = "UIGestureRecognizer+GMGridViewAdditions.h"; sourceTree = "<group>"; };
		C4BED04C1B2FFEE2000147A2 /* UIGestureRecognizer+GMGridViewAdditions.m */ = {isa = PBXFileReference; fileEncoding = 4; lastKnownFileType = sourcecode.c.objc; path = "UIGestureRecognizer+GMGridViewAdditions.m"; sourceTree = "<group>"; };
		C4BED04D1B2FFEE2000147A2 /* UIView+GMGridViewAdditions.h */ = {isa = PBXFileReference; fileEncoding = 4; lastKnownFileType = sourcecode.c.h; path = "UIView+GMGridViewAdditions.h"; sourceTree = "<group>"; };
		C4BED04E1B2FFEE2000147A2 /* UIView+GMGridViewAdditions.m */ = {isa = PBXFileReference; fileEncoding = 4; lastKnownFileType = sourcecode.c.objc; path = "UIView+GMGridViewAdditions.m"; sourceTree = "<group>"; };
		C4BED0601B2FFEE2000147A2 /* DatabaseUtils.h */ = {isa = PBXFileReference; fileEncoding = 4; lastKnownFileType = sourcecode.c.h; path = DatabaseUtils.h; sourceTree = "<group>"; };
		C4BED0611B2FFEE2000147A2 /* DatabaseUtils.m */ = {isa = PBXFileReference; fileEncoding = 4; lastKnownFileType = sourcecode.c.objc; path = DatabaseUtils.m; sourceTree = "<group>"; };
		C4BED0621B2FFEE2000147A2 /* DateUtils.h */ = {isa = PBXFileReference; fileEncoding = 4; lastKnownFileType = sourcecode.c.h; path = DateUtils.h; sourceTree = "<group>"; };
		C4BED0631B2FFEE2000147A2 /* DateUtils.m */ = {isa = PBXFileReference; fileEncoding = 4; lastKnownFileType = sourcecode.c.objc; path = DateUtils.m; sourceTree = "<group>"; };
		C4BED0641B2FFEE2000147A2 /* ExtendNSLogFunctionality.h */ = {isa = PBXFileReference; fileEncoding = 4; lastKnownFileType = sourcecode.c.h; path = ExtendNSLogFunctionality.h; sourceTree = "<group>"; };
		C4BED0651B2FFEE2000147A2 /* ExtendNSLogFunctionality.m */ = {isa = PBXFileReference; fileEncoding = 4; lastKnownFileType = sourcecode.c.objc; path = ExtendNSLogFunctionality.m; sourceTree = "<group>"; };
		C4BED0661B2FFEE2000147A2 /* FileUtils.h */ = {isa = PBXFileReference; fileEncoding = 4; lastKnownFileType = sourcecode.c.h; path = FileUtils.h; sourceTree = "<group>"; };
		C4BED0671B2FFEE2000147A2 /* FileUtils.m */ = {isa = PBXFileReference; fileEncoding = 4; lastKnownFileType = sourcecode.c.objc; path = FileUtils.m; sourceTree = "<group>"; };
		C4BED0681B2FFEE2000147A2 /* HttpUtils.h */ = {isa = PBXFileReference; fileEncoding = 4; lastKnownFileType = sourcecode.c.h; path = HttpUtils.h; sourceTree = "<group>"; };
		C4BED0691B2FFEE2000147A2 /* HttpUtils.m */ = {isa = PBXFileReference; fileEncoding = 4; lastKnownFileType = sourcecode.c.objc; path = HttpUtils.m; sourceTree = "<group>"; };
		C4BED06A1B2FFEE2000147A2 /* LogUtils.h */ = {isa = PBXFileReference; fileEncoding = 4; lastKnownFileType = sourcecode.c.h; path = LogUtils.h; sourceTree = "<group>"; };
		C4BED06B1B2FFEE2000147A2 /* LogUtils.m */ = {isa = PBXFileReference; fileEncoding = 4; lastKnownFileType = sourcecode.c.objc; path = LogUtils.m; sourceTree = "<group>"; };
		C4BED06E1B2FFEE2000147A2 /* ViewUtils.h */ = {isa = PBXFileReference; fileEncoding = 4; lastKnownFileType = sourcecode.c.h; path = ViewUtils.h; sourceTree = "<group>"; };
		C4BED06F1B2FFEE2000147A2 /* ViewUtils.m */ = {isa = PBXFileReference; fileEncoding = 4; lastKnownFileType = sourcecode.c.objc; path = ViewUtils.m; sourceTree = "<group>"; };
		C4BED0921B2FFF49000147A2 /* ViewSlidePage.h */ = {isa = PBXFileReference; fileEncoding = 4; lastKnownFileType = sourcecode.c.h; path = ViewSlidePage.h; sourceTree = "<group>"; };
		C4BED0931B2FFF49000147A2 /* ViewSlidePage.m */ = {isa = PBXFileReference; fileEncoding = 4; lastKnownFileType = sourcecode.c.objc; path = ViewSlidePage.m; sourceTree = "<group>"; };
		C4BED0941B2FFF49000147A2 /* ViewSlidePage.xib */ = {isa = PBXFileReference; fileEncoding = 4; lastKnownFileType = file.xib; path = ViewSlidePage.xib; sourceTree = "<group>"; };
		C4BFEF471B2E6AF60080D7EE /* OfflineViewController.xib */ = {isa = PBXFileReference; fileEncoding = 4; lastKnownFileType = file.xib; path = OfflineViewController.xib; sourceTree = "<group>"; };
		C4D253C21B326B410033F697 /* AddNewTagView.h */ = {isa = PBXFileReference; fileEncoding = 4; lastKnownFileType = sourcecode.c.h; path = AddNewTagView.h; sourceTree = "<group>"; };
		C4D253C31B326B410033F697 /* AddNewTagView.m */ = {isa = PBXFileReference; fileEncoding = 4; lastKnownFileType = sourcecode.c.objc; path = AddNewTagView.m; sourceTree = "<group>"; };
		C4D253C41B326B410033F697 /* AddNewTagView.xib */ = {isa = PBXFileReference; fileEncoding = 4; lastKnownFileType = file.xib; path = AddNewTagView.xib; sourceTree = "<group>"; };
		C4D253C51B326B410033F697 /* MainAddNewTagView.h */ = {isa = PBXFileReference; fileEncoding = 4; lastKnownFileType = sourcecode.c.h; path = MainAddNewTagView.h; sourceTree = "<group>"; };
		C4D253C61B326B410033F697 /* MainAddNewTagView.m */ = {isa = PBXFileReference; fileEncoding = 4; lastKnownFileType = sourcecode.c.objc; path = MainAddNewTagView.m; sourceTree = "<group>"; };
		C4D253C71B326B410033F697 /* MainAddNewTagView.xib */ = {isa = PBXFileReference; fileEncoding = 4; lastKnownFileType = file.xib; path = MainAddNewTagView.xib; sourceTree = "<group>"; };
		C4D253C81B326B410033F697 /* TagListView.h */ = {isa = PBXFileReference; fileEncoding = 4; lastKnownFileType = sourcecode.c.h; path = TagListView.h; sourceTree = "<group>"; };
		C4D253C91B326B410033F697 /* TagListView.m */ = {isa = PBXFileReference; fileEncoding = 4; lastKnownFileType = sourcecode.c.objc; path = TagListView.m; sourceTree = "<group>"; };
		C4D253CA1B326B410033F697 /* TagListView.xib */ = {isa = PBXFileReference; fileEncoding = 4; lastKnownFileType = file.xib; path = TagListView.xib; sourceTree = "<group>"; };
		C4D253D11B326B640033F697 /* FavoriteViewController.xib */ = {isa = PBXFileReference; fileEncoding = 4; lastKnownFileType = file.xib; path = FavoriteViewController.xib; sourceTree = "<group>"; };
		C4D253D31B326B780033F697 /* FavoriteViewController.m */ = {isa = PBXFileReference; fileEncoding = 4; lastKnownFileType = sourcecode.c.objc; path = FavoriteViewController.m; sourceTree = "<group>"; };
		C4D253D61B326B8D0033F697 /* FavoriteViewController.h */ = {isa = PBXFileReference; lastKnownFileType = sourcecode.c.h; path = FavoriteViewController.h; sourceTree = "<group>"; };
		C4D253DB1B32FE030033F697 /* ViewSlide.h */ = {isa = PBXFileReference; fileEncoding = 4; lastKnownFileType = sourcecode.c.h; path = ViewSlide.h; sourceTree = "<group>"; };
		C4D253DC1B32FE030033F697 /* ViewSlide.m */ = {isa = PBXFileReference; fileEncoding = 4; lastKnownFileType = sourcecode.c.objc; path = ViewSlide.m; sourceTree = "<group>"; };
		C4D253DD1B32FE030033F697 /* ViewSlide.xib */ = {isa = PBXFileReference; fileEncoding = 4; lastKnownFileType = file.xib; path = ViewSlide.xib; sourceTree = "<group>"; };
		C4D253DF1B32FE030033F697 /* PaintView.h */ = {isa = PBXFileReference; fileEncoding = 4; lastKnownFileType = sourcecode.c.h; path = PaintView.h; sourceTree = "<group>"; };
		C4D253E01B32FE030033F697 /* PaintView.m */ = {isa = PBXFileReference; fileEncoding = 4; lastKnownFileType = sourcecode.c.objc; path = PaintView.m; sourceTree = "<group>"; };
		C4D253E21B32FE030033F697 /* ViewCategory.h */ = {isa = PBXFileReference; fileEncoding = 4; lastKnownFileType = sourcecode.c.h; path = ViewCategory.h; sourceTree = "<group>"; };
		C4D253E31B32FE030033F697 /* ViewCategory.m */ = {isa = PBXFileReference; fileEncoding = 4; lastKnownFileType = sourcecode.c.objc; path = ViewCategory.m; sourceTree = "<group>"; };
		C4D253E41B32FE030033F697 /* ViewCategory.xib */ = {isa = PBXFileReference; fileEncoding = 4; lastKnownFileType = file.xib; path = ViewCategory.xib; sourceTree = "<group>"; };
		C4D253EB1B32FE420033F697 /* SlideInfoView.h */ = {isa = PBXFileReference; lastKnownFileType = sourcecode.c.h; path = SlideInfoView.h; sourceTree = "<group>"; };
		C4D253EC1B32FE4E0033F697 /* SlideInfoView.m */ = {isa = PBXFileReference; fileEncoding = 4; lastKnownFileType = sourcecode.c.objc; path = SlideInfoView.m; sourceTree = "<group>"; };
		C4E3CCD81B184E520067B762 /* iSearch.app */ = {isa = PBXFileReference; explicitFileType = wrapper.application; includeInIndex = 0; path = iSearch.app; sourceTree = BUILT_PRODUCTS_DIR; };
		C4E3CCDC1B184E520067B762 /* Info.plist */ = {isa = PBXFileReference; lastKnownFileType = text.plist.xml; path = Info.plist; sourceTree = "<group>"; };
		C4E3CCDD1B184E530067B762 /* main.m */ = {isa = PBXFileReference; lastKnownFileType = sourcecode.c.objc; path = main.m; sourceTree = "<group>"; };
		C4E3CCDF1B184E530067B762 /* AppDelegate.h */ = {isa = PBXFileReference; lastKnownFileType = sourcecode.c.h; path = AppDelegate.h; sourceTree = "<group>"; };
		C4E3CCE01B184E530067B762 /* AppDelegate.m */ = {isa = PBXFileReference; lastKnownFileType = sourcecode.c.objc; path = AppDelegate.m; sourceTree = "<group>"; };
		C4E3CCE81B184E530067B762 /* Images.xcassets */ = {isa = PBXFileReference; lastKnownFileType = folder.assetcatalog; path = Images.xcassets; sourceTree = "<group>"; };
		C4E3CCEB1B184E530067B762 /* Base */ = {isa = PBXFileReference; lastKnownFileType = file.xib; name = Base; path = Base.lproj/LaunchScreen.xib; sourceTree = "<group>"; };
		C4E3CCF11B184E530067B762 /* iSearchTests.xctest */ = {isa = PBXFileReference; explicitFileType = wrapper.cfbundle; includeInIndex = 0; path = iSearchTests.xctest; sourceTree = BUILT_PRODUCTS_DIR; };
		C4E3CCF61B184E530067B762 /* Info.plist */ = {isa = PBXFileReference; lastKnownFileType = text.plist.xml; path = Info.plist; sourceTree = "<group>"; };
		C4E3CCF71B184E530067B762 /* iSearchTests.m */ = {isa = PBXFileReference; lastKnownFileType = sourcecode.c.objc; path = iSearchTests.m; sourceTree = "<group>"; };
/* End PBXFileReference section */

/* Begin PBXFrameworksBuildPhase section */
		C4E3CCD51B184E520067B762 /* Frameworks */ = {
			isa = PBXFrameworksBuildPhase;
			buildActionMask = 2147483647;
			files = (
				C42EC8961B289461000F84EF /* libsqlite3.dylib in Frameworks */,
				C42EC86F1B2886CA000F84EF /* libz.dylib in Frameworks */,
				5E0EF22CB0E3FCFF514C90B4 /* libPods.a in Frameworks */,
			);
			runOnlyForDeploymentPostprocessing = 0;
		};
		C4E3CCEE1B184E530067B762 /* Frameworks */ = {
			isa = PBXFrameworksBuildPhase;
			buildActionMask = 2147483647;
			files = (
			);
			runOnlyForDeploymentPostprocessing = 0;
		};
/* End PBXFrameworksBuildPhase section */

/* Begin PBXGroup section */
		14BCA1B123DD5CF6D6A679B0 /* Frameworks */ = {
			isa = PBXGroup;
			children = (
				C42EC8951B289461000F84EF /* libsqlite3.dylib */,
				C42EC86E1B2886CA000F84EF /* libz.dylib */,
				75C31A5A26A50B79A54B9722 /* libPods.a */,
			);
			name = Frameworks;
			sourceTree = "<group>";
		};
		19B1F5F157FE140057252CD3 /* Pods */ = {
			isa = PBXGroup;
			children = (
				3CB226BD2DC5BFC7B479B425 /* Pods.debug.xcconfig */,
				69C51D4C3FBD72A25C0D44F2 /* Pods.release.xcconfig */,
			);
			name = Pods;
			sourceTree = "<group>";
		};
		C4042CFD1B4A481700F0E826 /* Version */ = {
			isa = PBXGroup;
			children = (
				C4042CFE1B4A481700F0E826 /* Version.h */,
				C4042CFF1B4A481700F0E826 /* Version.m */,
			);
			path = Version;
			sourceTree = "<group>";
		};
		C4042D011B4A950600F0E826 /* ActionLog */ = {
			isa = PBXGroup;
			children = (
				C4042D021B4A951000F0E826 /* ActionLog.h */,
				C4042D031B4A951C00F0E826 /* ActionLog.m */,
			);
			path = ActionLog;
			sourceTree = "<group>";
		};
		C419AF801B468681007FE00C /* Upgrade */ = {
			isa = PBXGroup;
			children = (
				C419AF811B468681007FE00C /* ViewUpgrade.h */,
				C419AF821B468681007FE00C /* ViewUpgrade.m */,
				C419AF831B468681007FE00C /* ViewUpgrade.xib */,
			);
			name = Upgrade;
			path = upgrade;
			sourceTree = "<group>";
		};
		C42EC8751B289082000F84EF /* Login */ = {
			isa = PBXGroup;
			children = (
				C42EC8761B289082000F84EF /* LoginViewController.h */,
				C42EC8771B289082000F84EF /* LoginViewController.m */,
				C44EF65E1B3E4BE3006AB765 /* LoginViewController.xib */,
			);
			path = Login;
			sourceTree = "<group>";
		};
		C42EC87B1B28908B000F84EF /* Notification */ = {
			isa = PBXGroup;
			children = (
				C42EC87F1B28908B000F84EF /* NotificationViewController.h */,
				C42EC8801B28908B000F84EF /* NotificationViewController.m */,
				C42EC8811B28908B000F84EF /* NotificationViewController.xib */,
				C42EC87C1B28908B000F84EF /* NotificationCell.h */,
				C42EC87D1B28908B000F84EF /* NotificationCell.m */,
				C42EC87E1B28908B000F84EF /* NotificationCell.xib */,
			);
			path = Notification;
			sourceTree = "<group>";
		};
		C42EC8861B289107000F84EF /* Main */ = {
			isa = PBXGroup;
			children = (
				C4A618F71B2C7B1200D0E91B /* MainViewController.h */,
				C4A618F61B2C7B1200D0E91B /* MainViewController.m */,
				C4A618F51B2C7B1200D0E91B /* MainViewController.xib */,
				C4A618FB1B2C7E2A00D0E91B /* RightSideViewController.h */,
				C4A618FA1B2C7E2A00D0E91B /* RightSideViewController.m */,
				C4A618E11B2C7AEC00D0E91B /* SideViewController.h */,
				C4A618E01B2C7AEC00D0E91B /* SideViewController.m */,
				C4A618DF1B2C7AEC00D0E91B /* SideViewController.xib */,
				C4A618EA1B2C7AEC00D0E91B /* MainEntryButton.h */,
				C4A618E91B2C7AEC00D0E91B /* MainEntryButton.m */,
				C4A618E81B2C7AEC00D0E91B /* MainEntryButton.xib */,
				C433EA851B2D246D00AD9CEB /* Header */,
				C433EA841B2D244300AD9CEB /* NewsList */,
			);
			path = Main;
			sourceTree = "<group>";
		};
		C42EC88C1B289392000F84EF /* Offline */ = {
			isa = PBXGroup;
			children = (
				C42EC88D1B289392000F84EF /* OfflineViewController.h */,
				C42EC88E1B289392000F84EF /* OfflineViewController.m */,
				C4BFEF471B2E6AF60080D7EE /* OfflineViewController.xib */,
				C46497481B2D972E005E3903 /* OfflineCell.h */,
				C46497491B2D9737005E3903 /* OfflineCell.m */,
				C464974B1B2D973F005E3903 /* OfflineCell.xib */,
			);
			path = Offline;
			sourceTree = "<group>";
		};
		C42EE8271B317EBE00C1CA0B /* EditPages */ = {
			isa = PBXGroup;
			children = (
				C4A3AF0B1B2B0CCB00A12170 /* ReViewController.h */,
				C4A3AF0C1B2B0CCB00A12170 /* ReViewController.m */,
				C4A3AF0D1B2B0CCB00A12170 /* ReViewController.xib */,
			);
			name = EditPages;
			sourceTree = "<group>";
		};
		C42EE8281B317ED500C1CA0B /* PageView */ = {
			isa = PBXGroup;
			children = (
				C4BED0921B2FFF49000147A2 /* ViewSlidePage.h */,
				C4BED0931B2FFF49000147A2 /* ViewSlidePage.m */,
				C4BED0941B2FFF49000147A2 /* ViewSlidePage.xib */,
			);
			name = PageView;
			sourceTree = "<group>";
		};
		C433EA841B2D244300AD9CEB /* NewsList */ = {
			isa = PBXGroup;
			children = (
				C4A618E41B2C7AEC00D0E91B /* NewsListTabView.h */,
				C4A618E31B2C7AEC00D0E91B /* NewsListTabView.m */,
				C4A618E21B2C7AEC00D0E91B /* NewsListTabView.xib */,
				C4A618E71B2C7AEC00D0E91B /* NewsListCell.h */,
				C4A618E61B2C7AEC00D0E91B /* NewsListCell.m */,
				C4A618E51B2C7AEC00D0E91B /* NewsListCell.xib */,
			);
			name = NewsList;
			sourceTree = "<group>";
		};
		C433EA851B2D246D00AD9CEB /* Header */ = {
			isa = PBXGroup;
			children = (
				C4A618DC1B2C7AEC00D0E91B /* UserHeadView.xib */,
				C4A618DD1B2C7AEC00D0E91B /* UserHeadView.m */,
				C4A618DE1B2C7AEC00D0E91B /* UserHeadView.h */,
			);
			name = Header;
			sourceTree = "<group>";
		};
		C4357C191B37F22100854524 /* Models */ = {
			isa = PBXGroup;
			children = (
				C4042D011B4A950600F0E826 /* ActionLog */,
				C4042CFD1B4A481700F0E826 /* Version */,
				C44EF6601B3E91D6006AB765 /* BaseModel */,
				C4357C231B391B5600854524 /* User */,
				C4357C261B391B5600854524 /* Slide */,
				C4357C291B391B5600854524 /* Notification */,
				C4357C2A1B391B5600854524 /* Category */,
			);
			path = Models;
			sourceTree = "<group>";
		};
		C4357C231B391B5600854524 /* User */ = {
			isa = PBXGroup;
			children = (
				C4357C241B391B5600854524 /* User.h */,
				C4357C251B391B5600854524 /* User.m */,
			);
			path = User;
			sourceTree = "<group>";
		};
		C4357C261B391B5600854524 /* Slide */ = {
			isa = PBXGroup;
			children = (
				C4357C271B391B5600854524 /* Slide.h */,
				C4357C281B391B5600854524 /* Slide.m */,
			);
			path = Slide;
			sourceTree = "<group>";
		};
		C4357C291B391B5600854524 /* Notification */ = {
			isa = PBXGroup;
			children = (
			);
			path = Notification;
			sourceTree = "<group>";
		};
		C4357C2A1B391B5600854524 /* Category */ = {
			isa = PBXGroup;
			children = (
			);
			path = Category;
			sourceTree = "<group>";
		};
		C44785FC1B3BC04A006D4806 /* Setting */ = {
			isa = PBXGroup;
			children = (
				C48323051B49490D00E7251D /* MainView */,
				C48323091B49490D00E7251D /* AppInfo */,
				C483230A1B49490D00E7251D /* UserInfo */,
				C44785FD1B3BC055006D4806 /* SettingViewController.h */,
				C44785FE1B3BC065006D4806 /* SettingViewController.m */,
				C44786001B3BC06F006D4806 /* SettingViewController.xib */,
			);
			path = Setting;
			sourceTree = "<group>";
		};
		C44923561B2AF72900E3BB65 /* Content */ = {
			isa = PBXGroup;
			children = (
				C44923571B2AF72900E3BB65 /* ContentViewController.h */,
				C44923581B2AF72900E3BB65 /* ContentViewController.m */,
				C44923591B2AF72900E3BB65 /* ContentViewController.xib */,
				C46497471B2D8C03005E3903 /* ContentUtils.h */,
				C46497451B2D8BFB005E3903 /* ContentUtis.m */,
				C44786021B3C5679006D4806 /* gmView.xib */,
				C44786041B3C5685006D4806 /* gmView.h */,
				C44786051B3C5693006D4806 /* gmView.m */,
			);
			path = Content;
			sourceTree = "<group>";
		};
		C44EF6601B3E91D6006AB765 /* BaseModel */ = {
			isa = PBXGroup;
			children = (
				C44EF6631B3E920D006AB765 /* BaseModel.h */,
				C44EF6611B3E9205006AB765 /* BaseModel.m */,
			);
			path = BaseModel;
			sourceTree = "<group>";
		};
		C464972D1B2D6759005E3903 /* Home */ = {
			isa = PBXGroup;
			children = (
				C464972E1B2D6767005E3903 /* HomeViewController.h */,
				C464972F1B2D6772005E3903 /* HomeViewController.m */,
				C46497311B2D678B005E3903 /* HomeViewController.xib */,
				C46497431B2D88E6005E3903 /* One - favority */,
				C46497421B2D88D8005E3903 /* Two - category */,
				C46497441B2D88EF005E3903 /* Three - records */,
			);
			path = Home;
			sourceTree = "<group>";
		};
		C46497421B2D88D8005E3903 /* Two - category */ = {
			isa = PBXGroup;
			children = (
				C464973B1B2D88CC005E3903 /* TwoViewController.h */,
				C464973C1B2D88CC005E3903 /* TwoViewController.m */,
				C464973D1B2D88CC005E3903 /* TwoViewController.xib */,
			);
			name = "Two - category";
			sourceTree = "<group>";
		};
		C46497431B2D88E6005E3903 /* One - favority */ = {
			isa = PBXGroup;
			children = (
				C46497351B2D8251005E3903 /* OneViewController.h */,
				C46497361B2D825D005E3903 /* OneViewController.m */,
				C46497331B2D8244005E3903 /* OneViewController.xib */,
			);
			name = "One - favority";
			sourceTree = "<group>";
		};
		C46497441B2D88EF005E3903 /* Three - records */ = {
			isa = PBXGroup;
			children = (
				C46497381B2D88CC005E3903 /* ThreeViewController.h */,
				C46497391B2D88CC005E3903 /* ThreeViewController.m */,
				C464973A1B2D88CC005E3903 /* ThreeViewController.xib */,
			);
			name = "Three - records";
			sourceTree = "<group>";
		};
		C48323051B49490D00E7251D /* MainView */ = {
			isa = PBXGroup;
			children = (
				C48323061B49490D00E7251D /* SettingMainView.h */,
				C48323071B49490D00E7251D /* SettingMainView.m */,
				C48323081B49490D00E7251D /* SettingMainView.xib */,
			);
			path = MainView;
			sourceTree = "<group>";
		};
		C48323091B49490D00E7251D /* AppInfo */ = {
			isa = PBXGroup;
			children = (
				C48323161B49716500E7251D /* SettingAppInfo.h */,
				C48323141B49715D00E7251D /* SettingAppInfo.m */,
				C48323121B49714F00E7251D /* SettingAppInfo.xib */,
			);
			path = AppInfo;
			sourceTree = "<group>";
		};
		C483230A1B49490D00E7251D /* UserInfo */ = {
			isa = PBXGroup;
			children = (
				C483230F1B4963CE00E7251D /* SettingUserInfo.h */,
				C483230D1B4963C100E7251D /* SettingUserInfo.m */,
				C48323101B4963DA00E7251D /* SettingUserInfo.xib */,
			);
			path = UserInfo;
			sourceTree = "<group>";
		};
		C4A3AF071B2B0CCB00A12170 /* Display */ = {
			isa = PBXGroup;
			children = (
				C42EE8281B317ED500C1CA0B /* PageView */,
				C42EE8271B317EBE00C1CA0B /* EditPages */,
				C4A3AF081B2B0CCB00A12170 /* DisplayViewController.h */,
				C495D8731B341EE700C98FB4 /* DisplayViewController.m */,
				C4A3AF0A1B2B0CCB00A12170 /* DisplayViewController.xib */,
			);
			path = Display;
			sourceTree = "<group>";
		};
		C4B6F2931B4158CD0057A8A1 /* Images */ = {
			isa = PBXGroup;
			children = (
				C4B6F2941B4158CD0057A8A1 /* close_x.png */,
				C4B6F2961B4158CD0057A8A1 /* coverSlideSelected.png */,
				C4B6F2971B4158CD0057A8A1 /* coverSlideSelecting.png */,
				C4B6F2991B4158CD0057A8A1 /* overlay_selected@2x.png */,
				C4B6F29A1B4158CD0057A8A1 /* overlay_selecting@2x.png */,
				C4B6F29B1B4158CD0057A8A1 /* thumbnailPageSlide.png */,
				C4B6F29C1B4158CD0057A8A1 /* thumbnailPageVideo.png */,
				C4B6F29D1B4158CD0057A8A1 /* thumbnailSlideDefault.png */,
				C4B6F29E1B4158CD0057A8A1 /* ToDownload.png */,
				C4B6F29F1B4158CD0057A8A1 /* ToView.png */,
			);
			path = Images;
			sourceTree = "<group>";
		};
		C4BED03D1B2FFEE2000147A2 /* iSearchShared */ = {
			isa = PBXGroup;
			children = (
				C4B6F2931B4158CD0057A8A1 /* Images */,
				C4357C191B37F22100854524 /* Models */,
				C4BED03E1B2FFEE2000147A2 /* Common */,
				C4BED0421B2FFEE2000147A2 /* GMGridView */,
				C4BED05F1B2FFEE2000147A2 /* Utils */,
				C4BED0701B2FFEE2000147A2 /* Views */,
			);
			path = iSearchShared;
			sourceTree = "<group>";
		};
		C4BED03E1B2FFEE2000147A2 /* Common */ = {
			isa = PBXGroup;
			children = (
				C4BED0401B2FFEE2000147A2 /* const.h */,
				C4BED0411B2FFEE2000147A2 /* message.h */,
			);
			path = Common;
			sourceTree = "<group>";
		};
		C4BED0421B2FFEE2000147A2 /* GMGridView */ = {
			isa = PBXGroup;
			children = (
				C4BED0431B2FFEE2000147A2 /* GMGridView-Constants.h */,
				C4BED0441B2FFEE2000147A2 /* GMGridView.h */,
				C4BED0451B2FFEE2000147A2 /* GMGridView.m */,
				C4BED0461B2FFEE2000147A2 /* GMGridViewCell+Extended.h */,
				C4BED0471B2FFEE2000147A2 /* GMGridViewCell.h */,
				C4BED0481B2FFEE2000147A2 /* GMGridViewCell.m */,
				C4BED0491B2FFEE2000147A2 /* GMGridViewLayoutStrategies.h */,
				C4BED04A1B2FFEE2000147A2 /* GMGridViewLayoutStrategies.m */,
				C4BED04B1B2FFEE2000147A2 /* UIGestureRecognizer+GMGridViewAdditions.h */,
				C4BED04C1B2FFEE2000147A2 /* UIGestureRecognizer+GMGridViewAdditions.m */,
				C4BED04D1B2FFEE2000147A2 /* UIView+GMGridViewAdditions.h */,
				C4BED04E1B2FFEE2000147A2 /* UIView+GMGridViewAdditions.m */,
			);
			path = GMGridView;
			sourceTree = "<group>";
		};
		C4BED05F1B2FFEE2000147A2 /* Utils */ = {
			isa = PBXGroup;
			children = (
				C4BED0601B2FFEE2000147A2 /* DatabaseUtils.h */,
				C4BED0611B2FFEE2000147A2 /* DatabaseUtils.m */,
				C4BED0621B2FFEE2000147A2 /* DateUtils.h */,
				C4BED0631B2FFEE2000147A2 /* DateUtils.m */,
				C4BED0641B2FFEE2000147A2 /* ExtendNSLogFunctionality.h */,
				C4BED0651B2FFEE2000147A2 /* ExtendNSLogFunctionality.m */,
				C4BED0661B2FFEE2000147A2 /* FileUtils.h */,
				C4BED0671B2FFEE2000147A2 /* FileUtils.m */,
				C4BED0681B2FFEE2000147A2 /* HttpUtils.h */,
				C4BED0691B2FFEE2000147A2 /* HttpUtils.m */,
				C4BED06A1B2FFEE2000147A2 /* LogUtils.h */,
				C4BED06B1B2FFEE2000147A2 /* LogUtils.m */,
				C4BED06E1B2FFEE2000147A2 /* ViewUtils.h */,
				C4BED06F1B2FFEE2000147A2 /* ViewUtils.m */,
				C4357C1D1B38F23000854524 /* ApiUtils.h */,
				C4357C1E1B38F23A00854524 /* ApiUtils.m */,
			);
			path = Utils;
			sourceTree = "<group>";
		};
		C4BED0701B2FFEE2000147A2 /* Views */ = {
			isa = PBXGroup;
			children = (
				C419AF801B468681007FE00C /* Upgrade */,
				C4D253EA1B32FE2F0033F697 /* SlideInfo */,
				C4D253DA1B32FE030033F697 /* Slide */,
				C4D253DE1B32FE030033F697 /* PaintView */,
				C4D253E11B32FE030033F697 /* Category */,
			);
			path = Views;
			sourceTree = "<group>";
		};
		C4D253C01B326B2A0033F697 /* Favorite */ = {
			isa = PBXGroup;
			children = (
				C4D253D61B326B8D0033F697 /* FavoriteViewController.h */,
				C4D253D31B326B780033F697 /* FavoriteViewController.m */,
				C4D253D11B326B640033F697 /* FavoriteViewController.xib */,
			);
			path = Favorite;
			sourceTree = "<group>";
		};
		C4D253C11B326B410033F697 /* AddToTag */ = {
			isa = PBXGroup;
			children = (
				C4D253C51B326B410033F697 /* MainAddNewTagView.h */,
				C4D253C61B326B410033F697 /* MainAddNewTagView.m */,
				C4D253C71B326B410033F697 /* MainAddNewTagView.xib */,
				C4D253C21B326B410033F697 /* AddNewTagView.h */,
				C4D253C31B326B410033F697 /* AddNewTagView.m */,
				C4D253C41B326B410033F697 /* AddNewTagView.xib */,
				C4D253C81B326B410033F697 /* TagListView.h */,
				C4D253C91B326B410033F697 /* TagListView.m */,
				C4D253CA1B326B410033F697 /* TagListView.xib */,
			);
			path = AddToTag;
			sourceTree = "<group>";
		};
		C4D253DA1B32FE030033F697 /* Slide */ = {
			isa = PBXGroup;
			children = (
				C4D253DB1B32FE030033F697 /* ViewSlide.h */,
				C4D253DC1B32FE030033F697 /* ViewSlide.m */,
				C4D253DD1B32FE030033F697 /* ViewSlide.xib */,
			);
			path = Slide;
			sourceTree = "<group>";
		};
		C4D253DE1B32FE030033F697 /* PaintView */ = {
			isa = PBXGroup;
			children = (
				C4D253DF1B32FE030033F697 /* PaintView.h */,
				C4D253E01B32FE030033F697 /* PaintView.m */,
			);
			path = PaintView;
			sourceTree = "<group>";
		};
		C4D253E11B32FE030033F697 /* Category */ = {
			isa = PBXGroup;
			children = (
				C4D253E21B32FE030033F697 /* ViewCategory.h */,
				C4D253E31B32FE030033F697 /* ViewCategory.m */,
				C4D253E41B32FE030033F697 /* ViewCategory.xib */,
			);
			path = Category;
			sourceTree = "<group>";
		};
		C4D253EA1B32FE2F0033F697 /* SlideInfo */ = {
			isa = PBXGroup;
			children = (
				C4D253EB1B32FE420033F697 /* SlideInfoView.h */,
				C4D253EC1B32FE4E0033F697 /* SlideInfoView.m */,
				C419AF781B46399E007FE00C /* SlideInfoView.xib */,
			);
			path = SlideInfo;
			sourceTree = "<group>";
		};
		C4E3CCCF1B184E520067B762 = {
			isa = PBXGroup;
			children = (
				C4E3CCDA1B184E520067B762 /* iSearch */,
				C4E3CCF41B184E530067B762 /* iSearchTests */,
				C4E3CCD91B184E520067B762 /* Products */,
				19B1F5F157FE140057252CD3 /* Pods */,
				14BCA1B123DD5CF6D6A679B0 /* Frameworks */,
			);
			sourceTree = "<group>";
		};
		C4E3CCD91B184E520067B762 /* Products */ = {
			isa = PBXGroup;
			children = (
				C4E3CCD81B184E520067B762 /* iSearch.app */,
				C4E3CCF11B184E530067B762 /* iSearchTests.xctest */,
			);
			name = Products;
			sourceTree = "<group>";
		};
		C4E3CCDA1B184E520067B762 /* iSearch */ = {
			isa = PBXGroup;
			children = (
				C44785FC1B3BC04A006D4806 /* Setting */,
				C4D253C11B326B410033F697 /* AddToTag */,
				C4D253C01B326B2A0033F697 /* Favorite */,
				C4BED03D1B2FFEE2000147A2 /* iSearchShared */,
				C464972D1B2D6759005E3903 /* Home */,
				C4A3AF071B2B0CCB00A12170 /* Display */,
				C44923561B2AF72900E3BB65 /* Content */,
				C42EC88C1B289392000F84EF /* Offline */,
				C42EC8861B289107000F84EF /* Main */,
				C42EC87B1B28908B000F84EF /* Notification */,
				C42EC8751B289082000F84EF /* Login */,
				C4E3CCDF1B184E530067B762 /* AppDelegate.h */,
				C4E3CCE01B184E530067B762 /* AppDelegate.m */,
				C4E3CCE81B184E530067B762 /* Images.xcassets */,
				C4E3CCEA1B184E530067B762 /* LaunchScreen.xib */,
				C4E3CCDB1B184E520067B762 /* Supporting Files */,
			);
			path = iSearch;
			sourceTree = "<group>";
		};
		C4E3CCDB1B184E520067B762 /* Supporting Files */ = {
			isa = PBXGroup;
			children = (
				C4E3CCDC1B184E520067B762 /* Info.plist */,
				C4E3CCDD1B184E530067B762 /* main.m */,
			);
			name = "Supporting Files";
			sourceTree = "<group>";
		};
		C4E3CCF41B184E530067B762 /* iSearchTests */ = {
			isa = PBXGroup;
			children = (
				C4E3CCF71B184E530067B762 /* iSearchTests.m */,
				C4E3CCF51B184E530067B762 /* Supporting Files */,
			);
			path = iSearchTests;
			sourceTree = "<group>";
		};
		C4E3CCF51B184E530067B762 /* Supporting Files */ = {
			isa = PBXGroup;
			children = (
				C4E3CCF61B184E530067B762 /* Info.plist */,
			);
			name = "Supporting Files";
			sourceTree = "<group>";
		};
/* End PBXGroup section */

/* Begin PBXNativeTarget section */
		C4E3CCD71B184E520067B762 /* iSearch */ = {
			isa = PBXNativeTarget;
			buildConfigurationList = C4E3CCFB1B184E530067B762 /* Build configuration list for PBXNativeTarget "iSearch" */;
			buildPhases = (
				129D8B2E1DE42EE5653F8BCD /* Check Pods Manifest.lock */,
				C4E3CCD41B184E520067B762 /* Sources */,
				C4E3CCD51B184E520067B762 /* Frameworks */,
				C4E3CCD61B184E520067B762 /* Resources */,
				10CF15EE40BBCBA9F371A0FF /* Copy Pods Resources */,
			);
			buildRules = (
			);
			dependencies = (
			);
			name = iSearch;
			productName = iSearch;
			productReference = C4E3CCD81B184E520067B762 /* iSearch.app */;
			productType = "com.apple.product-type.application";
		};
		C4E3CCF01B184E530067B762 /* iSearchTests */ = {
			isa = PBXNativeTarget;
			buildConfigurationList = C4E3CCFE1B184E530067B762 /* Build configuration list for PBXNativeTarget "iSearchTests" */;
			buildPhases = (
				C4E3CCED1B184E530067B762 /* Sources */,
				C4E3CCEE1B184E530067B762 /* Frameworks */,
				C4E3CCEF1B184E530067B762 /* Resources */,
			);
			buildRules = (
			);
			dependencies = (
				C4E3CCF31B184E530067B762 /* PBXTargetDependency */,
			);
			name = iSearchTests;
			productName = iSearchTests;
			productReference = C4E3CCF11B184E530067B762 /* iSearchTests.xctest */;
			productType = "com.apple.product-type.bundle.unit-test";
		};
/* End PBXNativeTarget section */

/* Begin PBXProject section */
		C4E3CCD01B184E520067B762 /* Project object */ = {
			isa = PBXProject;
			attributes = {
				LastUpgradeCheck = 0630;
				ORGANIZATIONNAME = Intfocus;
				TargetAttributes = {
					C4E3CCD71B184E520067B762 = {
						CreatedOnToolsVersion = 6.3.2;
						DevelopmentTeam = WV94P663S4;
					};
					C4E3CCF01B184E530067B762 = {
						CreatedOnToolsVersion = 6.3.2;
						TestTargetID = C4E3CCD71B184E520067B762;
					};
				};
			};
			buildConfigurationList = C4E3CCD31B184E520067B762 /* Build configuration list for PBXProject "iSearch" */;
			compatibilityVersion = "Xcode 3.2";
			developmentRegion = English;
			hasScannedForEncodings = 0;
			knownRegions = (
				en,
				Base,
			);
			mainGroup = C4E3CCCF1B184E520067B762;
			productRefGroup = C4E3CCD91B184E520067B762 /* Products */;
			projectDirPath = "";
			projectRoot = "";
			targets = (
				C4E3CCD71B184E520067B762 /* iSearch */,
				C4E3CCF01B184E530067B762 /* iSearchTests */,
			);
		};
/* End PBXProject section */

/* Begin PBXResourcesBuildPhase section */
		C4E3CCD61B184E520067B762 /* Resources */ = {
			isa = PBXResourcesBuildPhase;
			buildActionMask = 2147483647;
			files = (
				C4B6F2A41B4158CD0057A8A1 /* overlay_selected@2x.png in Resources */,
				C4B6F2A71B4158CD0057A8A1 /* thumbnailPageVideo.png in Resources */,
				C4B6F2A61B4158CD0057A8A1 /* thumbnailPageSlide.png in Resources */,
				C4B6F2A21B4158CD0057A8A1 /* coverSlideSelecting.png in Resources */,
				C419AF851B468681007FE00C /* ViewUpgrade.xib in Resources */,
				C4B6F2A91B4158CD0057A8A1 /* ToDownload.png in Resources */,
				C4B6F2A01B4158CD0057A8A1 /* close_x.png in Resources */,
				C483230C1B49490D00E7251D /* SettingMainView.xib in Resources */,
				C449235B1B2AF72900E3BB65 /* ContentViewController.xib in Resources */,
				C4B6F2A11B4158CD0057A8A1 /* coverSlideSelected.png in Resources */,
				C4BED0961B2FFF49000147A2 /* ViewSlidePage.xib in Resources */,
				C464974C1B2D9740005E3903 /* OfflineCell.xib in Resources */,
				C48323111B4963DA00E7251D /* SettingUserInfo.xib in Resources */,
				C419AF791B46399E007FE00C /* SlideInfoView.xib in Resources */,
				C4D253CC1B326B410033F697 /* AddNewTagView.xib in Resources */,
				C44EF65F1B3E4BE3006AB765 /* LoginViewController.xib in Resources */,
				C4A618F11B2C7AEC00D0E91B /* NewsListCell.xib in Resources */,
				C4A3AF111B2B0CCB00A12170 /* ReViewController.xib in Resources */,
				C4D253D01B326B410033F697 /* TagListView.xib in Resources */,
				C4D253D21B326B640033F697 /* FavoriteViewController.xib in Resources */,
				C4BFEF481B2E6AF60080D7EE /* OfflineViewController.xib in Resources */,
				C4D253CE1B326B410033F697 /* MainAddNewTagView.xib in Resources */,
				C4E3CCEC1B184E530067B762 /* LaunchScreen.xib in Resources */,
				C464973F1B2D88CC005E3903 /* ThreeViewController.xib in Resources */,
				C4A3AF0F1B2B0CCB00A12170 /* DisplayViewController.xib in Resources */,
				C4A618ED1B2C7AEC00D0E91B /* SideViewController.xib in Resources */,
				C4B6F2AA1B4158CD0057A8A1 /* ToView.png in Resources */,
				C4A618EF1B2C7AEC00D0E91B /* NewsListTabView.xib in Resources */,
				C44786031B3C5679006D4806 /* gmView.xib in Resources */,
				C44786011B3BC06F006D4806 /* SettingViewController.xib in Resources */,
				C46497341B2D8244005E3903 /* OneViewController.xib in Resources */,
				C4D253E91B32FE030033F697 /* ViewCategory.xib in Resources */,
				C4D253E61B32FE030033F697 /* ViewSlide.xib in Resources */,
				C42EC8831B28908B000F84EF /* NotificationCell.xib in Resources */,
				C4B6F2A81B4158CD0057A8A1 /* thumbnailSlideDefault.png in Resources */,
				C4B6F2A51B4158CD0057A8A1 /* overlay_selecting@2x.png in Resources */,
				C42EC8851B28908B000F84EF /* NotificationViewController.xib in Resources */,
				C4A618F81B2C7B1200D0E91B /* MainViewController.xib in Resources */,
				C46497411B2D88CC005E3903 /* TwoViewController.xib in Resources */,
				C4A618F31B2C7AEC00D0E91B /* MainEntryButton.xib in Resources */,
				C4E3CCE91B184E530067B762 /* Images.xcassets in Resources */,
				C4A618EB1B2C7AEC00D0E91B /* UserHeadView.xib in Resources */,
				C48323131B49714F00E7251D /* SettingAppInfo.xib in Resources */,
				C46497321B2D678B005E3903 /* HomeViewController.xib in Resources */,
			);
			runOnlyForDeploymentPostprocessing = 0;
		};
		C4E3CCEF1B184E530067B762 /* Resources */ = {
			isa = PBXResourcesBuildPhase;
			buildActionMask = 2147483647;
			files = (
			);
			runOnlyForDeploymentPostprocessing = 0;
		};
/* End PBXResourcesBuildPhase section */

/* Begin PBXShellScriptBuildPhase section */
		10CF15EE40BBCBA9F371A0FF /* Copy Pods Resources */ = {
			isa = PBXShellScriptBuildPhase;
			buildActionMask = 2147483647;
			files = (
			);
			inputPaths = (
			);
			name = "Copy Pods Resources";
			outputPaths = (
			);
			runOnlyForDeploymentPostprocessing = 0;
			shellPath = /bin/sh;
			shellScript = "\"${SRCROOT}/Pods/Target Support Files/Pods/Pods-resources.sh\"\n";
			showEnvVarsInLog = 0;
		};
		129D8B2E1DE42EE5653F8BCD /* Check Pods Manifest.lock */ = {
			isa = PBXShellScriptBuildPhase;
			buildActionMask = 2147483647;
			files = (
			);
			inputPaths = (
			);
			name = "Check Pods Manifest.lock";
			outputPaths = (
			);
			runOnlyForDeploymentPostprocessing = 0;
			shellPath = /bin/sh;
			shellScript = "diff \"${PODS_ROOT}/../Podfile.lock\" \"${PODS_ROOT}/Manifest.lock\" > /dev/null\nif [[ $? != 0 ]] ; then\n    cat << EOM\nerror: The sandbox is not in sync with the Podfile.lock. Run 'pod install' or update your CocoaPods installation.\nEOM\n    exit 1\nfi\n";
			showEnvVarsInLog = 0;
		};
/* End PBXShellScriptBuildPhase section */

/* Begin PBXSourcesBuildPhase section */
		C4E3CCD41B184E520067B762 /* Sources */ = {
			isa = PBXSourcesBuildPhase;
			buildActionMask = 2147483647;
			files = (
				C4A618F01B2C7AEC00D0E91B /* NewsListTabView.m in Sources */,
				C4BED08C1B2FFEE2000147A2 /* ViewUtils.m in Sources */,
				C4042D001B4A481700F0E826 /* Version.m in Sources */,
				C483230B1B49490D00E7251D /* SettingMainView.m in Sources */,
				C42EC8841B28908B000F84EF /* NotificationViewController.m in Sources */,
				C495D8741B341EE700C98FB4 /* DisplayViewController.m in Sources */,
				C483230E1B4963C100E7251D /* SettingUserInfo.m in Sources */,
				C4A618EC1B2C7AEC00D0E91B /* UserHeadView.m in Sources */,
				C46497461B2D8BFB005E3903 /* ContentUtis.m in Sources */,
				C4BED0851B2FFEE2000147A2 /* DatabaseUtils.m in Sources */,
				C42EC8821B28908B000F84EF /* NotificationCell.m in Sources */,
				C4E3CCE11B184E530067B762 /* AppDelegate.m in Sources */,
				C4BED0861B2FFEE2000147A2 /* DateUtils.m in Sources */,
				C48323151B49715D00E7251D /* SettingAppInfo.m in Sources */,
				C419AF841B468681007FE00C /* ViewUpgrade.m in Sources */,
				C4BED0791B2FFEE2000147A2 /* GMGridView.m in Sources */,
				C4357C2B1B391B5600854524 /* User.m in Sources */,
				C4D253CB1B326B410033F697 /* AddNewTagView.m in Sources */,
				C4A3AF101B2B0CCB00A12170 /* ReViewController.m in Sources */,
				C4D253ED1B32FE4E0033F697 /* SlideInfoView.m in Sources */,
				C4357C1F1B38F23A00854524 /* ApiUtils.m in Sources */,
				C4BED07B1B2FFEE2000147A2 /* GMGridViewLayoutStrategies.m in Sources */,
				C4A618F41B2C7AEC00D0E91B /* MainEntryButton.m in Sources */,
				C4E3CCDE1B184E530067B762 /* main.m in Sources */,
				C4D253E51B32FE030033F697 /* ViewSlide.m in Sources */,
				C4BED07C1B2FFEE2000147A2 /* UIGestureRecognizer+GMGridViewAdditions.m in Sources */,
				C42EC8791B289082000F84EF /* LoginViewController.m in Sources */,
				C4BED0951B2FFF49000147A2 /* ViewSlidePage.m in Sources */,
				C4D253E81B32FE030033F697 /* ViewCategory.m in Sources */,
				C4D253E71B32FE030033F697 /* PaintView.m in Sources */,
				C46497401B2D88CC005E3903 /* TwoViewController.m in Sources */,
				C4BED0881B2FFEE2000147A2 /* FileUtils.m in Sources */,
				C464974A1B2D9737005E3903 /* OfflineCell.m in Sources */,
				C4BED07D1B2FFEE2000147A2 /* UIView+GMGridViewAdditions.m in Sources */,
				C44786061B3C5693006D4806 /* gmView.m in Sources */,
				C46497301B2D6772005E3903 /* HomeViewController.m in Sources */,
				C4D253CF1B326B410033F697 /* TagListView.m in Sources */,
				C449235A1B2AF72900E3BB65 /* ContentViewController.m in Sources */,
				C42EC8901B289392000F84EF /* OfflineViewController.m in Sources */,
				C4A618FC1B2C7E2A00D0E91B /* RightSideViewController.m in Sources */,
				C4BED08A1B2FFEE2000147A2 /* LogUtils.m in Sources */,
				C4BED0891B2FFEE2000147A2 /* HttpUtils.m in Sources */,
				C46497371B2D825D005E3903 /* OneViewController.m in Sources */,
				C4A618F91B2C7B1200D0E91B /* MainViewController.m in Sources */,
				C4357C2C1B391B5600854524 /* Slide.m in Sources */,
				C464973E1B2D88CC005E3903 /* ThreeViewController.m in Sources */,
				C4D253D41B326B780033F697 /* FavoriteViewController.m in Sources */,
				C4A618F21B2C7AEC00D0E91B /* NewsListCell.m in Sources */,
				C4BED07A1B2FFEE2000147A2 /* GMGridViewCell.m in Sources */,
				C4042D041B4A951C00F0E826 /* ActionLog.m in Sources */,
				C4A618EE1B2C7AEC00D0E91B /* SideViewController.m in Sources */,
				C4BED0871B2FFEE2000147A2 /* ExtendNSLogFunctionality.m in Sources */,
				C4D253CD1B326B410033F697 /* MainAddNewTagView.m in Sources */,
				C44EF6621B3E9205006AB765 /* BaseModel.m in Sources */,
				C44785FF1B3BC065006D4806 /* SettingViewController.m in Sources */,
			);
			runOnlyForDeploymentPostprocessing = 0;
		};
		C4E3CCED1B184E530067B762 /* Sources */ = {
			isa = PBXSourcesBuildPhase;
			buildActionMask = 2147483647;
			files = (
				C4E3CCF81B184E530067B762 /* iSearchTests.m in Sources */,
			);
			runOnlyForDeploymentPostprocessing = 0;
		};
/* End PBXSourcesBuildPhase section */

/* Begin PBXTargetDependency section */
		C4E3CCF31B184E530067B762 /* PBXTargetDependency */ = {
			isa = PBXTargetDependency;
			target = C4E3CCD71B184E520067B762 /* iSearch */;
			targetProxy = C4E3CCF21B184E530067B762 /* PBXContainerItemProxy */;
		};
/* End PBXTargetDependency section */

/* Begin PBXVariantGroup section */
		C4E3CCEA1B184E530067B762 /* LaunchScreen.xib */ = {
			isa = PBXVariantGroup;
			children = (
				C4E3CCEB1B184E530067B762 /* Base */,
			);
			name = LaunchScreen.xib;
			sourceTree = "<group>";
		};
/* End PBXVariantGroup section */

/* Begin XCBuildConfiguration section */
		C4E3CCF91B184E530067B762 /* Debug */ = {
			isa = XCBuildConfiguration;
			buildSettings = {
				ALWAYS_SEARCH_USER_PATHS = NO;
				CLANG_CXX_LANGUAGE_STANDARD = "gnu++0x";
				CLANG_CXX_LIBRARY = "libc++";
				CLANG_ENABLE_MODULES = YES;
				CLANG_ENABLE_OBJC_ARC = YES;
				CLANG_WARN_BOOL_CONVERSION = YES;
				CLANG_WARN_CONSTANT_CONVERSION = YES;
				CLANG_WARN_DIRECT_OBJC_ISA_USAGE = YES_ERROR;
				CLANG_WARN_EMPTY_BODY = YES;
				CLANG_WARN_ENUM_CONVERSION = YES;
				CLANG_WARN_INT_CONVERSION = YES;
				CLANG_WARN_OBJC_ROOT_CLASS = YES_ERROR;
				CLANG_WARN_UNREACHABLE_CODE = YES;
				CLANG_WARN__DUPLICATE_METHOD_MATCH = YES;
				"CODE_SIGN_IDENTITY[sdk=iphoneos*]" = "iPhone Developer";
				COPY_PHASE_STRIP = NO;
				DEBUG_INFORMATION_FORMAT = "dwarf-with-dsym";
				ENABLE_STRICT_OBJC_MSGSEND = YES;
				GCC_C_LANGUAGE_STANDARD = gnu99;
				GCC_DYNAMIC_NO_PIC = NO;
				GCC_NO_COMMON_BLOCKS = YES;
				GCC_OPTIMIZATION_LEVEL = 0;
				GCC_PREPROCESSOR_DEFINITIONS = (
					"DEBUG=1",
					"$(inherited)",
				);
				GCC_SYMBOLS_PRIVATE_EXTERN = NO;
				GCC_WARN_64_TO_32_BIT_CONVERSION = YES;
				GCC_WARN_ABOUT_RETURN_TYPE = YES_ERROR;
				GCC_WARN_UNDECLARED_SELECTOR = YES;
				GCC_WARN_UNINITIALIZED_AUTOS = YES_AGGRESSIVE;
				GCC_WARN_UNUSED_FUNCTION = YES;
				GCC_WARN_UNUSED_VARIABLE = YES;
				IPHONEOS_DEPLOYMENT_TARGET = 7.0;
				MTL_ENABLE_DEBUG_INFO = YES;
				ONLY_ACTIVE_ARCH = YES;
				SDKROOT = iphoneos;
				TARGETED_DEVICE_FAMILY = 2;
			};
			name = Debug;
		};
		C4E3CCFA1B184E530067B762 /* Release */ = {
			isa = XCBuildConfiguration;
			buildSettings = {
				ALWAYS_SEARCH_USER_PATHS = NO;
				CLANG_CXX_LANGUAGE_STANDARD = "gnu++0x";
				CLANG_CXX_LIBRARY = "libc++";
				CLANG_ENABLE_MODULES = YES;
				CLANG_ENABLE_OBJC_ARC = YES;
				CLANG_WARN_BOOL_CONVERSION = YES;
				CLANG_WARN_CONSTANT_CONVERSION = YES;
				CLANG_WARN_DIRECT_OBJC_ISA_USAGE = YES_ERROR;
				CLANG_WARN_EMPTY_BODY = YES;
				CLANG_WARN_ENUM_CONVERSION = YES;
				CLANG_WARN_INT_CONVERSION = YES;
				CLANG_WARN_OBJC_ROOT_CLASS = YES_ERROR;
				CLANG_WARN_UNREACHABLE_CODE = YES;
				CLANG_WARN__DUPLICATE_METHOD_MATCH = YES;
				"CODE_SIGN_IDENTITY[sdk=iphoneos*]" = "iPhone Developer";
				COPY_PHASE_STRIP = NO;
				DEBUG_INFORMATION_FORMAT = "dwarf-with-dsym";
				ENABLE_NS_ASSERTIONS = NO;
				ENABLE_STRICT_OBJC_MSGSEND = YES;
				GCC_C_LANGUAGE_STANDARD = gnu99;
				GCC_NO_COMMON_BLOCKS = YES;
				GCC_WARN_64_TO_32_BIT_CONVERSION = YES;
				GCC_WARN_ABOUT_RETURN_TYPE = YES_ERROR;
				GCC_WARN_UNDECLARED_SELECTOR = YES;
				GCC_WARN_UNINITIALIZED_AUTOS = YES_AGGRESSIVE;
				GCC_WARN_UNUSED_FUNCTION = YES;
				GCC_WARN_UNUSED_VARIABLE = YES;
				IPHONEOS_DEPLOYMENT_TARGET = 7.0;
				MTL_ENABLE_DEBUG_INFO = NO;
				SDKROOT = iphoneos;
				TARGETED_DEVICE_FAMILY = 2;
				VALIDATE_PRODUCT = YES;
			};
			name = Release;
		};
		C4E3CCFC1B184E530067B762 /* Debug */ = {
			isa = XCBuildConfiguration;
			baseConfigurationReference = 3CB226BD2DC5BFC7B479B425 /* Pods.debug.xcconfig */;
			buildSettings = {
				ASSETCATALOG_COMPILER_APPICON_NAME = AppIcon;
				ASSETCATALOG_COMPILER_LAUNCHIMAGE_NAME = LaunchImage;
				CODE_SIGN_IDENTITY = "iPhone Developer: Junjie Li (XT5L9SE2VY)";
				"CODE_SIGN_IDENTITY[sdk=iphoneos*]" = "iPhone Developer: Junjie Li (XT5L9SE2VY)";
				CURRENT_PROJECT_VERSION = 3;
				INFOPLIST_FILE = iSearch/Info.plist;
				LD_RUNPATH_SEARCH_PATHS = "$(inherited) @executable_path/Frameworks";
				PRODUCT_NAME = "$(TARGET_NAME)";
				PROVISIONING_PROFILE = "8002ace2-f613-4bc5-9ce4-362ddd72ce20";
				TARGETED_DEVICE_FAMILY = 2;
				VERSIONING_SYSTEM = "apple-generic";
				VERSION_INFO_FILE = iSearch;
				VERSION_INFO_PREFIX = i;
				VERSION_INFO_SUFFIX = s;
			};
			name = Debug;
		};
		C4E3CCFD1B184E530067B762 /* Release */ = {
			isa = XCBuildConfiguration;
			baseConfigurationReference = 69C51D4C3FBD72A25C0D44F2 /* Pods.release.xcconfig */;
			buildSettings = {
				ASSETCATALOG_COMPILER_APPICON_NAME = AppIcon;
				ASSETCATALOG_COMPILER_LAUNCHIMAGE_NAME = LaunchImage;
				CODE_SIGN_IDENTITY = "iPhone Developer: Junjie Li (XT5L9SE2VY)";
				"CODE_SIGN_IDENTITY[sdk=iphoneos*]" = "iPhone Developer: Junjie Li (XT5L9SE2VY)";
				CURRENT_PROJECT_VERSION = 3;
				INFOPLIST_FILE = iSearch/Info.plist;
				LD_RUNPATH_SEARCH_PATHS = "$(inherited) @executable_path/Frameworks";
				PRODUCT_NAME = "$(TARGET_NAME)";
				PROVISIONING_PROFILE = "8002ace2-f613-4bc5-9ce4-362ddd72ce20";
				TARGETED_DEVICE_FAMILY = 2;
				VERSIONING_SYSTEM = "apple-generic";
				VERSION_INFO_FILE = iSearch;
				VERSION_INFO_PREFIX = i;
				VERSION_INFO_SUFFIX = s;
			};
			name = Release;
		};
		C4E3CCFF1B184E530067B762 /* Debug */ = {
			isa = XCBuildConfiguration;
			buildSettings = {
				BUNDLE_LOADER = "$(TEST_HOST)";
				FRAMEWORK_SEARCH_PATHS = (
					"$(SDKROOT)/Developer/Library/Frameworks",
					"$(inherited)",
				);
				GCC_PREPROCESSOR_DEFINITIONS = (
					"DEBUG=1",
					"$(inherited)",
				);
				INFOPLIST_FILE = iSearchTests/Info.plist;
				LD_RUNPATH_SEARCH_PATHS = "$(inherited) @executable_path/Frameworks @loader_path/Frameworks";
				PRODUCT_NAME = "$(TARGET_NAME)";
				TEST_HOST = "$(BUILT_PRODUCTS_DIR)/iSearch.app/iSearch";
			};
			name = Debug;
		};
		C4E3CD001B184E530067B762 /* Release */ = {
			isa = XCBuildConfiguration;
			buildSettings = {
				BUNDLE_LOADER = "$(TEST_HOST)";
				FRAMEWORK_SEARCH_PATHS = (
					"$(SDKROOT)/Developer/Library/Frameworks",
					"$(inherited)",
				);
				INFOPLIST_FILE = iSearchTests/Info.plist;
				LD_RUNPATH_SEARCH_PATHS = "$(inherited) @executable_path/Frameworks @loader_path/Frameworks";
				PRODUCT_NAME = "$(TARGET_NAME)";
				TEST_HOST = "$(BUILT_PRODUCTS_DIR)/iSearch.app/iSearch";
			};
			name = Release;
		};
/* End XCBuildConfiguration section */

/* Begin XCConfigurationList section */
		C4E3CCD31B184E520067B762 /* Build configuration list for PBXProject "iSearch" */ = {
			isa = XCConfigurationList;
			buildConfigurations = (
				C4E3CCF91B184E530067B762 /* Debug */,
				C4E3CCFA1B184E530067B762 /* Release */,
			);
			defaultConfigurationIsVisible = 0;
			defaultConfigurationName = Release;
		};
		C4E3CCFB1B184E530067B762 /* Build configuration list for PBXNativeTarget "iSearch" */ = {
			isa = XCConfigurationList;
			buildConfigurations = (
				C4E3CCFC1B184E530067B762 /* Debug */,
				C4E3CCFD1B184E530067B762 /* Release */,
			);
			defaultConfigurationIsVisible = 0;
			defaultConfigurationName = Release;
		};
		C4E3CCFE1B184E530067B762 /* Build configuration list for PBXNativeTarget "iSearchTests" */ = {
			isa = XCConfigurationList;
			buildConfigurations = (
				C4E3CCFF1B184E530067B762 /* Debug */,
				C4E3CD001B184E530067B762 /* Release */,
			);
			defaultConfigurationIsVisible = 0;
			defaultConfigurationName = Release;
		};
/* End XCConfigurationList section */
	};
	rootObject = C4E3CCD01B184E520067B762 /* Project object */;
}
